// !$*UTF8*$!
{
	archiveVersion = 1;
	classes = {
	};
	objectVersion = 48;
	objects = {

/* Begin PBXBuildFile section */
		0D8182723E26D4B1ED594D25 /* Pods_taipei_tourist_site_swiftTests.framework in Frameworks */ = {isa = PBXBuildFile; fileRef = 2A70676ADFD8DF7CEB4700E6 /* Pods_taipei_tourist_site_swiftTests.framework */; };
		185F67AEBAF09E6F10CDACCD /* Pods_taipei_tourist_site_swift.framework in Frameworks */ = {isa = PBXBuildFile; fileRef = 10AA97899492FF992A82A29E /* Pods_taipei_tourist_site_swift.framework */; };
		3CC567BA21074C2900596CDF /* AppDelegate.swift in Sources */ = {isa = PBXBuildFile; fileRef = 3CC567B921074C2900596CDF /* AppDelegate.swift */; };
		3CC567BC21074C2900596CDF /* ViewController.swift in Sources */ = {isa = PBXBuildFile; fileRef = 3CC567BB21074C2900596CDF /* ViewController.swift */; };
		3CC567BF21074C2900596CDF /* Main.storyboard in Resources */ = {isa = PBXBuildFile; fileRef = 3CC567BD21074C2900596CDF /* Main.storyboard */; };
		3CC567C121074C2900596CDF /* Assets.xcassets in Resources */ = {isa = PBXBuildFile; fileRef = 3CC567C021074C2900596CDF /* Assets.xcassets */; };
		3CC567C421074C2900596CDF /* LaunchScreen.storyboard in Resources */ = {isa = PBXBuildFile; fileRef = 3CC567C221074C2900596CDF /* LaunchScreen.storyboard */; };
		3CC567CF21074C2900596CDF /* taipei_tourist_site_swiftTests.swift in Sources */ = {isa = PBXBuildFile; fileRef = 3CC567CE21074C2900596CDF /* taipei_tourist_site_swiftTests.swift */; };
		3CC567DA21074C2900596CDF /* taipei_tourist_site_swiftUITests.swift in Sources */ = {isa = PBXBuildFile; fileRef = 3CC567D921074C2900596CDF /* taipei_tourist_site_swiftUITests.swift */; };
		3CC567E821074D0D00596CDF /* Podfile in Resources */ = {isa = PBXBuildFile; fileRef = 3CC567E721074D0D00596CDF /* Podfile */; };
		3CC567EC21074F3400596CDF /* FetchTouristSiteList.swift in Sources */ = {isa = PBXBuildFile; fileRef = 3CC567EB21074F3400596CDF /* FetchTouristSiteList.swift */; };
		3CC567EE21074F7400596CDF /* FetchTouristSiteResult.swift in Sources */ = {isa = PBXBuildFile; fileRef = 3CC567ED21074F7400596CDF /* FetchTouristSiteResult.swift */; };
		3CC567F12107519100596CDF /* TouristSite.swift in Sources */ = {isa = PBXBuildFile; fileRef = 3CC567F02107519100596CDF /* TouristSite.swift */; };
		3CC567F321075B6A00596CDF /* NetworkRequestConfig.swift in Sources */ = {isa = PBXBuildFile; fileRef = 3CC567F221075B6A00596CDF /* NetworkRequestConfig.swift */; };
		3CC567F52107614300596CDF /* User.swift in Sources */ = {isa = PBXBuildFile; fileRef = 3CC567F42107614300596CDF /* User.swift */; };
		3CC567F821076CD200596CDF /* Disctionary+extension.swift in Sources */ = {isa = PBXBuildFile; fileRef = 3CC567F721076CD200596CDF /* Disctionary+extension.swift */; };
		3CC567FC21077EB400596CDF /* TouristSiteListViewController.swift in Sources */ = {isa = PBXBuildFile; fileRef = 3CC567FB21077EB400596CDF /* TouristSiteListViewController.swift */; };
		3CC567FE21077F1400596CDF /* TouristSiteListPresenter.swift in Sources */ = {isa = PBXBuildFile; fileRef = 3CC567FD21077F1400596CDF /* TouristSiteListPresenter.swift */; };
		3CC5680121077F9800596CDF /* UiConfig.swift in Sources */ = {isa = PBXBuildFile; fileRef = 3CC5680021077F9800596CDF /* UiConfig.swift */; };
		3CC5680321077FF500596CDF /* UIColor+extension.swift in Sources */ = {isa = PBXBuildFile; fileRef = 3CC5680221077FF500596CDF /* UIColor+extension.swift */; };
		3CC56805210780F000596CDF /* TouristSiteListRouter.swift in Sources */ = {isa = PBXBuildFile; fileRef = 3CC56804210780F000596CDF /* TouristSiteListRouter.swift */; };
		3CC56808210781A500596CDF /* NavigationTransitioningDelegate.swift in Sources */ = {isa = PBXBuildFile; fileRef = 3CC56807210781A500596CDF /* NavigationTransitioningDelegate.swift */; };
		3CC5680A2107821D00596CDF /* TouristSiteListInteractor.swift in Sources */ = {isa = PBXBuildFile; fileRef = 3CC568092107821D00596CDF /* TouristSiteListInteractor.swift */; };
		3CC5680C2107832600596CDF /* TouristSiteListBuilder.swift in Sources */ = {isa = PBXBuildFile; fileRef = 3CC5680B2107832600596CDF /* TouristSiteListBuilder.swift */; };
		3CC5680F2107863300596CDF /* PresentModallyNavigationBar.swift in Sources */ = {isa = PBXBuildFile; fileRef = 3CC5680E2107863300596CDF /* PresentModallyNavigationBar.swift */; };
		3CC56811210786CA00596CDF /* Number+extension.swift in Sources */ = {isa = PBXBuildFile; fileRef = 3CC56810210786CA00596CDF /* Number+extension.swift */; };
		3CC568132107870F00596CDF /* UIView+extension.swift in Sources */ = {isa = PBXBuildFile; fileRef = 3CC568122107870F00596CDF /* UIView+extension.swift */; };
		3CC568152107878000596CDF /* HitTestExtendedView.swift in Sources */ = {isa = PBXBuildFile; fileRef = 3CC568142107878000596CDF /* HitTestExtendedView.swift */; };
		3CC56817210787AB00596CDF /* UILabel+extension.swift in Sources */ = {isa = PBXBuildFile; fileRef = 3CC56816210787AB00596CDF /* UILabel+extension.swift */; };
		3CC5681A2107887D00596CDF /* TouristSiteListTableViewCell.swift in Sources */ = {isa = PBXBuildFile; fileRef = 3CC568182107887D00596CDF /* TouristSiteListTableViewCell.swift */; };
		3CC5681B2107887D00596CDF /* TouristSiteListTableViewCell.xib in Resources */ = {isa = PBXBuildFile; fileRef = 3CC568192107887D00596CDF /* TouristSiteListTableViewCell.xib */; };
		3CC5681D210788BE00596CDF /* UITableView+extension.swift in Sources */ = {isa = PBXBuildFile; fileRef = 3CC5681C210788BE00596CDF /* UITableView+extension.swift */; };
		3CC5681F210788EA00596CDF /* NSObject+extension.swift in Sources */ = {isa = PBXBuildFile; fileRef = 3CC5681E210788EA00596CDF /* NSObject+extension.swift */; };
		3CC5682121078A9100596CDF /* UIViewController+extension.swift in Sources */ = {isa = PBXBuildFile; fileRef = 3CC5682021078A9100596CDF /* UIViewController+extension.swift */; };
		3CC5682421078AC900596CDF /* Queue.swift in Sources */ = {isa = PBXBuildFile; fileRef = 3CC5682321078AC900596CDF /* Queue.swift */; };
		3CC5682A210791DB00596CDF /* NavigationPresenter.swift in Sources */ = {isa = PBXBuildFile; fileRef = 3CC56825210791DA00596CDF /* NavigationPresenter.swift */; };
		3CC5682B210791DB00596CDF /* NavigationInteractor.swift in Sources */ = {isa = PBXBuildFile; fileRef = 3CC56826210791DA00596CDF /* NavigationInteractor.swift */; };
		3CC5682C210791DB00596CDF /* NavigationBuilder.swift in Sources */ = {isa = PBXBuildFile; fileRef = 3CC56827210791DA00596CDF /* NavigationBuilder.swift */; };
		3CC5682D210791DB00596CDF /* NavigationRouter.swift in Sources */ = {isa = PBXBuildFile; fileRef = 3CC56828210791DA00596CDF /* NavigationRouter.swift */; };
		3CC5682E210791DB00596CDF /* NavigationController.swift in Sources */ = {isa = PBXBuildFile; fileRef = 3CC56829210791DA00596CDF /* NavigationController.swift */; };
		3CC56832210794A500596CDF /* TouristSiteListStoreService.swift in Sources */ = {isa = PBXBuildFile; fileRef = 3CC56831210794A500596CDF /* TouristSiteListStoreService.swift */; };
		3CC568342107986F00596CDF /* AppNotification.swift in Sources */ = {isa = PBXBuildFile; fileRef = 3CC568332107986F00596CDF /* AppNotification.swift */; };
		3CC5683621079D1600596CDF /* NavigationBar.swift in Sources */ = {isa = PBXBuildFile; fileRef = 3CC5683521079D1600596CDF /* NavigationBar.swift */; };
		3CC5683821079DF500596CDF /* UIButton+extension.swift in Sources */ = {isa = PBXBuildFile; fileRef = 3CC5683721079DF500596CDF /* UIButton+extension.swift */; };
		3CC5683B21079E3D00596CDF /* FrontPageViewController.swift in Sources */ = {isa = PBXBuildFile; fileRef = 3CC5683A21079E3D00596CDF /* FrontPageViewController.swift */; };
		3CC5683D21079EBC00596CDF /* AnalyticHelper.swift in Sources */ = {isa = PBXBuildFile; fileRef = 3CC5683C21079EBC00596CDF /* AnalyticHelper.swift */; };
		3CC5683F2107A61500596CDF /* UIImage+extension.swift in Sources */ = {isa = PBXBuildFile; fileRef = 3CC5683E2107A61500596CDF /* UIImage+extension.swift */; };
		3CC568412107A97300596CDF /* FrontPageBuilder.swift in Sources */ = {isa = PBXBuildFile; fileRef = 3CC568402107A97300596CDF /* FrontPageBuilder.swift */; };
		BB8FEB4053EE856A52A7DFFC /* Pods_taipei_tourist_site_swiftUITests.framework in Frameworks */ = {isa = PBXBuildFile; fileRef = 3742C5D39C5E832990DFAB25 /* Pods_taipei_tourist_site_swiftUITests.framework */; };
/* End PBXBuildFile section */

/* Begin PBXContainerItemProxy section */
		3CC567CB21074C2900596CDF /* PBXContainerItemProxy */ = {
			isa = PBXContainerItemProxy;
			containerPortal = 3CC567AE21074C2900596CDF /* Project object */;
			proxyType = 1;
			remoteGlobalIDString = 3CC567B521074C2900596CDF;
			remoteInfo = "taipei-tourist-site-swift";
		};
		3CC567D621074C2900596CDF /* PBXContainerItemProxy */ = {
			isa = PBXContainerItemProxy;
			containerPortal = 3CC567AE21074C2900596CDF /* Project object */;
			proxyType = 1;
			remoteGlobalIDString = 3CC567B521074C2900596CDF;
			remoteInfo = "taipei-tourist-site-swift";
		};
/* End PBXContainerItemProxy section */

/* Begin PBXFileReference section */
		042FFB07D8BB909A4788B9D0 /* Pods-taipei-tourist-site-swiftUITests.release.xcconfig */ = {isa = PBXFileReference; includeInIndex = 1; lastKnownFileType = text.xcconfig; name = "Pods-taipei-tourist-site-swiftUITests.release.xcconfig"; path = "Pods/Target Support Files/Pods-taipei-tourist-site-swiftUITests/Pods-taipei-tourist-site-swiftUITests.release.xcconfig"; sourceTree = "<group>"; };
		10AA97899492FF992A82A29E /* Pods_taipei_tourist_site_swift.framework */ = {isa = PBXFileReference; explicitFileType = wrapper.framework; includeInIndex = 0; path = Pods_taipei_tourist_site_swift.framework; sourceTree = BUILT_PRODUCTS_DIR; };
		12A95BB77453E32B5649FD1A /* Pods-taipei-tourist-site-swift.release.xcconfig */ = {isa = PBXFileReference; includeInIndex = 1; lastKnownFileType = text.xcconfig; name = "Pods-taipei-tourist-site-swift.release.xcconfig"; path = "Pods/Target Support Files/Pods-taipei-tourist-site-swift/Pods-taipei-tourist-site-swift.release.xcconfig"; sourceTree = "<group>"; };
		2A70676ADFD8DF7CEB4700E6 /* Pods_taipei_tourist_site_swiftTests.framework */ = {isa = PBXFileReference; explicitFileType = wrapper.framework; includeInIndex = 0; path = Pods_taipei_tourist_site_swiftTests.framework; sourceTree = BUILT_PRODUCTS_DIR; };
		2AAB38FDD5FE020324915B16 /* Pods-taipei-tourist-site-swiftTests.debug.xcconfig */ = {isa = PBXFileReference; includeInIndex = 1; lastKnownFileType = text.xcconfig; name = "Pods-taipei-tourist-site-swiftTests.debug.xcconfig"; path = "Pods/Target Support Files/Pods-taipei-tourist-site-swiftTests/Pods-taipei-tourist-site-swiftTests.debug.xcconfig"; sourceTree = "<group>"; };
		3742C5D39C5E832990DFAB25 /* Pods_taipei_tourist_site_swiftUITests.framework */ = {isa = PBXFileReference; explicitFileType = wrapper.framework; includeInIndex = 0; path = Pods_taipei_tourist_site_swiftUITests.framework; sourceTree = BUILT_PRODUCTS_DIR; };
		3CC567B621074C2900596CDF /* taipei-tourist-site-swift.app */ = {isa = PBXFileReference; explicitFileType = wrapper.application; includeInIndex = 0; path = "taipei-tourist-site-swift.app"; sourceTree = BUILT_PRODUCTS_DIR; };
		3CC567B921074C2900596CDF /* AppDelegate.swift */ = {isa = PBXFileReference; lastKnownFileType = sourcecode.swift; path = AppDelegate.swift; sourceTree = "<group>"; };
		3CC567BB21074C2900596CDF /* ViewController.swift */ = {isa = PBXFileReference; lastKnownFileType = sourcecode.swift; path = ViewController.swift; sourceTree = "<group>"; };
		3CC567BE21074C2900596CDF /* Base */ = {isa = PBXFileReference; lastKnownFileType = file.storyboard; name = Base; path = Base.lproj/Main.storyboard; sourceTree = "<group>"; };
		3CC567C021074C2900596CDF /* Assets.xcassets */ = {isa = PBXFileReference; lastKnownFileType = folder.assetcatalog; path = Assets.xcassets; sourceTree = "<group>"; };
		3CC567C321074C2900596CDF /* Base */ = {isa = PBXFileReference; lastKnownFileType = file.storyboard; name = Base; path = Base.lproj/LaunchScreen.storyboard; sourceTree = "<group>"; };
		3CC567C521074C2900596CDF /* Info.plist */ = {isa = PBXFileReference; lastKnownFileType = text.plist.xml; path = Info.plist; sourceTree = "<group>"; };
		3CC567CA21074C2900596CDF /* taipei-tourist-site-swiftTests.xctest */ = {isa = PBXFileReference; explicitFileType = wrapper.cfbundle; includeInIndex = 0; path = "taipei-tourist-site-swiftTests.xctest"; sourceTree = BUILT_PRODUCTS_DIR; };
		3CC567CE21074C2900596CDF /* taipei_tourist_site_swiftTests.swift */ = {isa = PBXFileReference; lastKnownFileType = sourcecode.swift; path = taipei_tourist_site_swiftTests.swift; sourceTree = "<group>"; };
		3CC567D021074C2900596CDF /* Info.plist */ = {isa = PBXFileReference; lastKnownFileType = text.plist.xml; path = Info.plist; sourceTree = "<group>"; };
		3CC567D521074C2900596CDF /* taipei-tourist-site-swiftUITests.xctest */ = {isa = PBXFileReference; explicitFileType = wrapper.cfbundle; includeInIndex = 0; path = "taipei-tourist-site-swiftUITests.xctest"; sourceTree = BUILT_PRODUCTS_DIR; };
		3CC567D921074C2900596CDF /* taipei_tourist_site_swiftUITests.swift */ = {isa = PBXFileReference; lastKnownFileType = sourcecode.swift; path = taipei_tourist_site_swiftUITests.swift; sourceTree = "<group>"; };
		3CC567DB21074C2900596CDF /* Info.plist */ = {isa = PBXFileReference; lastKnownFileType = text.plist.xml; path = Info.plist; sourceTree = "<group>"; };
		3CC567E721074D0D00596CDF /* Podfile */ = {isa = PBXFileReference; lastKnownFileType = text; path = Podfile; sourceTree = "<group>"; };
		3CC567EB21074F3400596CDF /* FetchTouristSiteList.swift */ = {isa = PBXFileReference; lastKnownFileType = sourcecode.swift; path = FetchTouristSiteList.swift; sourceTree = "<group>"; };
		3CC567ED21074F7400596CDF /* FetchTouristSiteResult.swift */ = {isa = PBXFileReference; lastKnownFileType = sourcecode.swift; path = FetchTouristSiteResult.swift; sourceTree = "<group>"; };
		3CC567F02107519100596CDF /* TouristSite.swift */ = {isa = PBXFileReference; lastKnownFileType = sourcecode.swift; path = TouristSite.swift; sourceTree = "<group>"; };
		3CC567F221075B6A00596CDF /* NetworkRequestConfig.swift */ = {isa = PBXFileReference; lastKnownFileType = sourcecode.swift; path = NetworkRequestConfig.swift; sourceTree = "<group>"; };
		3CC567F42107614300596CDF /* User.swift */ = {isa = PBXFileReference; lastKnownFileType = sourcecode.swift; path = User.swift; sourceTree = "<group>"; };
		3CC567F721076CD200596CDF /* Disctionary+extension.swift */ = {isa = PBXFileReference; lastKnownFileType = sourcecode.swift; path = "Disctionary+extension.swift"; sourceTree = "<group>"; };
		3CC567FB21077EB400596CDF /* TouristSiteListViewController.swift */ = {isa = PBXFileReference; lastKnownFileType = sourcecode.swift; path = TouristSiteListViewController.swift; sourceTree = "<group>"; };
		3CC567FD21077F1400596CDF /* TouristSiteListPresenter.swift */ = {isa = PBXFileReference; lastKnownFileType = sourcecode.swift; path = TouristSiteListPresenter.swift; sourceTree = "<group>"; };
		3CC5680021077F9800596CDF /* UiConfig.swift */ = {isa = PBXFileReference; lastKnownFileType = sourcecode.swift; path = UiConfig.swift; sourceTree = "<group>"; };
		3CC5680221077FF500596CDF /* UIColor+extension.swift */ = {isa = PBXFileReference; lastKnownFileType = sourcecode.swift; path = "UIColor+extension.swift"; sourceTree = "<group>"; };
		3CC56804210780F000596CDF /* TouristSiteListRouter.swift */ = {isa = PBXFileReference; lastKnownFileType = sourcecode.swift; path = TouristSiteListRouter.swift; sourceTree = "<group>"; };
		3CC56807210781A500596CDF /* NavigationTransitioningDelegate.swift */ = {isa = PBXFileReference; lastKnownFileType = sourcecode.swift; path = NavigationTransitioningDelegate.swift; sourceTree = "<group>"; };
		3CC568092107821D00596CDF /* TouristSiteListInteractor.swift */ = {isa = PBXFileReference; lastKnownFileType = sourcecode.swift; path = TouristSiteListInteractor.swift; sourceTree = "<group>"; };
		3CC5680B2107832600596CDF /* TouristSiteListBuilder.swift */ = {isa = PBXFileReference; lastKnownFileType = sourcecode.swift; path = TouristSiteListBuilder.swift; sourceTree = "<group>"; };
		3CC5680E2107863300596CDF /* PresentModallyNavigationBar.swift */ = {isa = PBXFileReference; lastKnownFileType = sourcecode.swift; path = PresentModallyNavigationBar.swift; sourceTree = "<group>"; };
		3CC56810210786CA00596CDF /* Number+extension.swift */ = {isa = PBXFileReference; lastKnownFileType = sourcecode.swift; path = "Number+extension.swift"; sourceTree = "<group>"; };
		3CC568122107870F00596CDF /* UIView+extension.swift */ = {isa = PBXFileReference; lastKnownFileType = sourcecode.swift; path = "UIView+extension.swift"; sourceTree = "<group>"; };
		3CC568142107878000596CDF /* HitTestExtendedView.swift */ = {isa = PBXFileReference; lastKnownFileType = sourcecode.swift; path = HitTestExtendedView.swift; sourceTree = "<group>"; };
		3CC56816210787AB00596CDF /* UILabel+extension.swift */ = {isa = PBXFileReference; lastKnownFileType = sourcecode.swift; path = "UILabel+extension.swift"; sourceTree = "<group>"; };
		3CC568182107887D00596CDF /* TouristSiteListTableViewCell.swift */ = {isa = PBXFileReference; lastKnownFileType = sourcecode.swift; path = TouristSiteListTableViewCell.swift; sourceTree = "<group>"; };
		3CC568192107887D00596CDF /* TouristSiteListTableViewCell.xib */ = {isa = PBXFileReference; lastKnownFileType = file.xib; path = TouristSiteListTableViewCell.xib; sourceTree = "<group>"; };
		3CC5681C210788BE00596CDF /* UITableView+extension.swift */ = {isa = PBXFileReference; lastKnownFileType = sourcecode.swift; path = "UITableView+extension.swift"; sourceTree = "<group>"; };
		3CC5681E210788EA00596CDF /* NSObject+extension.swift */ = {isa = PBXFileReference; lastKnownFileType = sourcecode.swift; path = "NSObject+extension.swift"; sourceTree = "<group>"; };
		3CC5682021078A9100596CDF /* UIViewController+extension.swift */ = {isa = PBXFileReference; lastKnownFileType = sourcecode.swift; path = "UIViewController+extension.swift"; sourceTree = "<group>"; };
		3CC5682321078AC900596CDF /* Queue.swift */ = {isa = PBXFileReference; lastKnownFileType = sourcecode.swift; path = Queue.swift; sourceTree = "<group>"; };
		3CC56825210791DA00596CDF /* NavigationPresenter.swift */ = {isa = PBXFileReference; fileEncoding = 4; lastKnownFileType = sourcecode.swift; path = NavigationPresenter.swift; sourceTree = "<group>"; };
		3CC56826210791DA00596CDF /* NavigationInteractor.swift */ = {isa = PBXFileReference; fileEncoding = 4; lastKnownFileType = sourcecode.swift; path = NavigationInteractor.swift; sourceTree = "<group>"; };
		3CC56827210791DA00596CDF /* NavigationBuilder.swift */ = {isa = PBXFileReference; fileEncoding = 4; lastKnownFileType = sourcecode.swift; path = NavigationBuilder.swift; sourceTree = "<group>"; };
		3CC56828210791DA00596CDF /* NavigationRouter.swift */ = {isa = PBXFileReference; fileEncoding = 4; lastKnownFileType = sourcecode.swift; path = NavigationRouter.swift; sourceTree = "<group>"; };
		3CC56829210791DA00596CDF /* NavigationController.swift */ = {isa = PBXFileReference; fileEncoding = 4; lastKnownFileType = sourcecode.swift; path = NavigationController.swift; sourceTree = "<group>"; };
		3CC56831210794A500596CDF /* TouristSiteListStoreService.swift */ = {isa = PBXFileReference; lastKnownFileType = sourcecode.swift; path = TouristSiteListStoreService.swift; sourceTree = "<group>"; };
		3CC568332107986F00596CDF /* AppNotification.swift */ = {isa = PBXFileReference; lastKnownFileType = sourcecode.swift; path = AppNotification.swift; sourceTree = "<group>"; };
		3CC5683521079D1600596CDF /* NavigationBar.swift */ = {isa = PBXFileReference; lastKnownFileType = sourcecode.swift; path = NavigationBar.swift; sourceTree = "<group>"; };
		3CC5683721079DF500596CDF /* UIButton+extension.swift */ = {isa = PBXFileReference; lastKnownFileType = sourcecode.swift; path = "UIButton+extension.swift"; sourceTree = "<group>"; };
		3CC5683A21079E3D00596CDF /* FrontPageViewController.swift */ = {isa = PBXFileReference; lastKnownFileType = sourcecode.swift; path = FrontPageViewController.swift; sourceTree = "<group>"; };
		3CC5683C21079EBC00596CDF /* AnalyticHelper.swift */ = {isa = PBXFileReference; lastKnownFileType = sourcecode.swift; path = AnalyticHelper.swift; sourceTree = "<group>"; };
		3CC5683E2107A61500596CDF /* UIImage+extension.swift */ = {isa = PBXFileReference; lastKnownFileType = sourcecode.swift; path = "UIImage+extension.swift"; sourceTree = "<group>"; };
		3CC568402107A97300596CDF /* FrontPageBuilder.swift */ = {isa = PBXFileReference; lastKnownFileType = sourcecode.swift; path = FrontPageBuilder.swift; sourceTree = "<group>"; };
		69402B1A5373106A6FFEEE85 /* Pods-taipei-tourist-site-swift.debug.xcconfig */ = {isa = PBXFileReference; includeInIndex = 1; lastKnownFileType = text.xcconfig; name = "Pods-taipei-tourist-site-swift.debug.xcconfig"; path = "Pods/Target Support Files/Pods-taipei-tourist-site-swift/Pods-taipei-tourist-site-swift.debug.xcconfig"; sourceTree = "<group>"; };
		8739FBDC7FC4D8E65B558C8F /* Pods-taipei-tourist-site-swiftUITests.debug.xcconfig */ = {isa = PBXFileReference; includeInIndex = 1; lastKnownFileType = text.xcconfig; name = "Pods-taipei-tourist-site-swiftUITests.debug.xcconfig"; path = "Pods/Target Support Files/Pods-taipei-tourist-site-swiftUITests/Pods-taipei-tourist-site-swiftUITests.debug.xcconfig"; sourceTree = "<group>"; };
		A93AD8E2E9EACEC236C0EB0C /* Pods-taipei-tourist-site-swiftTests.release.xcconfig */ = {isa = PBXFileReference; includeInIndex = 1; lastKnownFileType = text.xcconfig; name = "Pods-taipei-tourist-site-swiftTests.release.xcconfig"; path = "Pods/Target Support Files/Pods-taipei-tourist-site-swiftTests/Pods-taipei-tourist-site-swiftTests.release.xcconfig"; sourceTree = "<group>"; };
/* End PBXFileReference section */

/* Begin PBXFrameworksBuildPhase section */
		3CC567B321074C2900596CDF /* Frameworks */ = {
			isa = PBXFrameworksBuildPhase;
			buildActionMask = 2147483647;
			files = (
				185F67AEBAF09E6F10CDACCD /* Pods_taipei_tourist_site_swift.framework in Frameworks */,
			);
			runOnlyForDeploymentPostprocessing = 0;
		};
		3CC567C721074C2900596CDF /* Frameworks */ = {
			isa = PBXFrameworksBuildPhase;
			buildActionMask = 2147483647;
			files = (
				0D8182723E26D4B1ED594D25 /* Pods_taipei_tourist_site_swiftTests.framework in Frameworks */,
			);
			runOnlyForDeploymentPostprocessing = 0;
		};
		3CC567D221074C2900596CDF /* Frameworks */ = {
			isa = PBXFrameworksBuildPhase;
			buildActionMask = 2147483647;
			files = (
				BB8FEB4053EE856A52A7DFFC /* Pods_taipei_tourist_site_swiftUITests.framework in Frameworks */,
			);
			runOnlyForDeploymentPostprocessing = 0;
		};
/* End PBXFrameworksBuildPhase section */

/* Begin PBXGroup section */
		3CC567AD21074C2900596CDF = {
			isa = PBXGroup;
			children = (
				3CC567E721074D0D00596CDF /* Podfile */,
				3CC567B821074C2900596CDF /* taipei-tourist-site-swift */,
				3CC567CD21074C2900596CDF /* taipei-tourist-site-swiftTests */,
				3CC567D821074C2900596CDF /* taipei-tourist-site-swiftUITests */,
				3CC567B721074C2900596CDF /* Products */,
				4D468581ACB976961A5C92F6 /* Pods */,
				5A79FB97CE3AA4F34348E346 /* Frameworks */,
			);
			sourceTree = "<group>";
		};
		3CC567B721074C2900596CDF /* Products */ = {
			isa = PBXGroup;
			children = (
				3CC567B621074C2900596CDF /* taipei-tourist-site-swift.app */,
				3CC567CA21074C2900596CDF /* taipei-tourist-site-swiftTests.xctest */,
				3CC567D521074C2900596CDF /* taipei-tourist-site-swiftUITests.xctest */,
			);
			name = Products;
			sourceTree = "<group>";
		};
		3CC567B821074C2900596CDF /* taipei-tourist-site-swift */ = {
			isa = PBXGroup;
			children = (
				3CC5682221078ABA00596CDF /* Helpers */,
				3CC5680D2107861500596CDF /* Widgets */,
				3CC567FF21077F8400596CDF /* Configs */,
				3CC567F621076CBB00596CDF /* Extensions */,
				3CC567EF2107516A00596CDF /* Models */,
				3CC567E921074F0000596CDF /* Network */,
				3CC567F921077E5000596CDF /* Modules */,
				3CC567B921074C2900596CDF /* AppDelegate.swift */,
				3CC567BB21074C2900596CDF /* ViewController.swift */,
				3CC567BD21074C2900596CDF /* Main.storyboard */,
				3CC567C021074C2900596CDF /* Assets.xcassets */,
				3CC567C221074C2900596CDF /* LaunchScreen.storyboard */,
				3CC567C521074C2900596CDF /* Info.plist */,
			);
			path = "taipei-tourist-site-swift";
			sourceTree = "<group>";
		};
		3CC567CD21074C2900596CDF /* taipei-tourist-site-swiftTests */ = {
			isa = PBXGroup;
			children = (
				3CC567CE21074C2900596CDF /* taipei_tourist_site_swiftTests.swift */,
				3CC567D021074C2900596CDF /* Info.plist */,
			);
			path = "taipei-tourist-site-swiftTests";
			sourceTree = "<group>";
		};
		3CC567D821074C2900596CDF /* taipei-tourist-site-swiftUITests */ = {
			isa = PBXGroup;
			children = (
				3CC567D921074C2900596CDF /* taipei_tourist_site_swiftUITests.swift */,
				3CC567DB21074C2900596CDF /* Info.plist */,
			);
			path = "taipei-tourist-site-swiftUITests";
			sourceTree = "<group>";
		};
		3CC567E921074F0000596CDF /* Network */ = {
			isa = PBXGroup;
			children = (
				3CC567EA21074F1100596CDF /* TouristSiteService */,
			);
			path = Network;
			sourceTree = "<group>";
		};
		3CC567EA21074F1100596CDF /* TouristSiteService */ = {
			isa = PBXGroup;
			children = (
				3CC567EB21074F3400596CDF /* FetchTouristSiteList.swift */,
				3CC567ED21074F7400596CDF /* FetchTouristSiteResult.swift */,
				3CC56831210794A500596CDF /* TouristSiteListStoreService.swift */,
			);
			path = TouristSiteService;
			sourceTree = "<group>";
		};
		3CC567EF2107516A00596CDF /* Models */ = {
			isa = PBXGroup;
			children = (
				3CC567F02107519100596CDF /* TouristSite.swift */,
				3CC567F42107614300596CDF /* User.swift */,
			);
			path = Models;
			sourceTree = "<group>";
		};
		3CC567F621076CBB00596CDF /* Extensions */ = {
			isa = PBXGroup;
			children = (
				3CC567F721076CD200596CDF /* Disctionary+extension.swift */,
				3CC5680221077FF500596CDF /* UIColor+extension.swift */,
				3CC56810210786CA00596CDF /* Number+extension.swift */,
				3CC568122107870F00596CDF /* UIView+extension.swift */,
				3CC56816210787AB00596CDF /* UILabel+extension.swift */,
				3CC5681C210788BE00596CDF /* UITableView+extension.swift */,
				3CC5681E210788EA00596CDF /* NSObject+extension.swift */,
				3CC5682021078A9100596CDF /* UIViewController+extension.swift */,
				3CC5683721079DF500596CDF /* UIButton+extension.swift */,
				3CC5683E2107A61500596CDF /* UIImage+extension.swift */,
			);
			path = Extensions;
			sourceTree = "<group>";
		};
		3CC567F921077E5000596CDF /* Modules */ = {
			isa = PBXGroup;
			children = (
				3CC5683921079E2400596CDF /* FrontPage */,
				3CC568062107817500596CDF /* Navigation */,
				3CC567FA21077E9D00596CDF /* TouristSiteList */,
			);
			path = Modules;
			sourceTree = "<group>";
		};
		3CC567FA21077E9D00596CDF /* TouristSiteList */ = {
			isa = PBXGroup;
			children = (
				3CC567FB21077EB400596CDF /* TouristSiteListViewController.swift */,
				3CC568092107821D00596CDF /* TouristSiteListInteractor.swift */,
				3CC567FD21077F1400596CDF /* TouristSiteListPresenter.swift */,
				3CC56804210780F000596CDF /* TouristSiteListRouter.swift */,
				3CC5680B2107832600596CDF /* TouristSiteListBuilder.swift */,
				3CC568182107887D00596CDF /* TouristSiteListTableViewCell.swift */,
				3CC568192107887D00596CDF /* TouristSiteListTableViewCell.xib */,
			);
			path = TouristSiteList;
			sourceTree = "<group>";
		};
		3CC567FF21077F8400596CDF /* Configs */ = {
			isa = PBXGroup;
			children = (
				3CC567F221075B6A00596CDF /* NetworkRequestConfig.swift */,
				3CC5680021077F9800596CDF /* UiConfig.swift */,
			);
			path = Configs;
			sourceTree = "<group>";
		};
		3CC568062107817500596CDF /* Navigation */ = {
			isa = PBXGroup;
			children = (
				3CC56827210791DA00596CDF /* NavigationBuilder.swift */,
				3CC56829210791DA00596CDF /* NavigationController.swift */,
				3CC56826210791DA00596CDF /* NavigationInteractor.swift */,
				3CC56825210791DA00596CDF /* NavigationPresenter.swift */,
				3CC56828210791DA00596CDF /* NavigationRouter.swift */,
				3CC56807210781A500596CDF /* NavigationTransitioningDelegate.swift */,
			);
			path = Navigation;
			sourceTree = "<group>";
		};
		3CC5680D2107861500596CDF /* Widgets */ = {
			isa = PBXGroup;
			children = (
				3CC5680E2107863300596CDF /* PresentModallyNavigationBar.swift */,
				3CC568142107878000596CDF /* HitTestExtendedView.swift */,
				3CC5683521079D1600596CDF /* NavigationBar.swift */,
			);
			path = Widgets;
			sourceTree = "<group>";
		};
		3CC5682221078ABA00596CDF /* Helpers */ = {
			isa = PBXGroup;
			children = (
				3CC5682321078AC900596CDF /* Queue.swift */,
				3CC568332107986F00596CDF /* AppNotification.swift */,
				3CC5683C21079EBC00596CDF /* AnalyticHelper.swift */,
			);
			path = Helpers;
			sourceTree = "<group>";
		};
		3CC5683921079E2400596CDF /* FrontPage */ = {
			isa = PBXGroup;
			children = (
				3CC5683A21079E3D00596CDF /* FrontPageViewController.swift */,
				3CC568402107A97300596CDF /* FrontPageBuilder.swift */,
			);
			path = FrontPage;
			sourceTree = "<group>";
		};
		4D468581ACB976961A5C92F6 /* Pods */ = {
			isa = PBXGroup;
			children = (
				69402B1A5373106A6FFEEE85 /* Pods-taipei-tourist-site-swift.debug.xcconfig */,
				12A95BB77453E32B5649FD1A /* Pods-taipei-tourist-site-swift.release.xcconfig */,
				2AAB38FDD5FE020324915B16 /* Pods-taipei-tourist-site-swiftTests.debug.xcconfig */,
				A93AD8E2E9EACEC236C0EB0C /* Pods-taipei-tourist-site-swiftTests.release.xcconfig */,
				8739FBDC7FC4D8E65B558C8F /* Pods-taipei-tourist-site-swiftUITests.debug.xcconfig */,
				042FFB07D8BB909A4788B9D0 /* Pods-taipei-tourist-site-swiftUITests.release.xcconfig */,
			);
			name = Pods;
			sourceTree = "<group>";
		};
		5A79FB97CE3AA4F34348E346 /* Frameworks */ = {
			isa = PBXGroup;
			children = (
				10AA97899492FF992A82A29E /* Pods_taipei_tourist_site_swift.framework */,
				2A70676ADFD8DF7CEB4700E6 /* Pods_taipei_tourist_site_swiftTests.framework */,
				3742C5D39C5E832990DFAB25 /* Pods_taipei_tourist_site_swiftUITests.framework */,
			);
			name = Frameworks;
			sourceTree = "<group>";
		};
/* End PBXGroup section */

/* Begin PBXNativeTarget section */
		3CC567B521074C2900596CDF /* taipei-tourist-site-swift */ = {
			isa = PBXNativeTarget;
			buildConfigurationList = 3CC567DE21074C2900596CDF /* Build configuration list for PBXNativeTarget "taipei-tourist-site-swift" */;
			buildPhases = (
				20F0C3FFE80B66DA4BCA1A92 /* [CP] Check Pods Manifest.lock */,
				3CC567B221074C2900596CDF /* Sources */,
				3CC567B321074C2900596CDF /* Frameworks */,
				3CC567B421074C2900596CDF /* Resources */,
				EB73EEC30A9B9D91EAD32A9F /* [CP] Embed Pods Frameworks */,
				00FE05C2E4605B7C3C082571 /* [CP] Copy Pods Resources */,
			);
			buildRules = (
			);
			dependencies = (
			);
			name = "taipei-tourist-site-swift";
			productName = "taipei-tourist-site-swift";
			productReference = 3CC567B621074C2900596CDF /* taipei-tourist-site-swift.app */;
			productType = "com.apple.product-type.application";
		};
		3CC567C921074C2900596CDF /* taipei-tourist-site-swiftTests */ = {
			isa = PBXNativeTarget;
			buildConfigurationList = 3CC567E121074C2900596CDF /* Build configuration list for PBXNativeTarget "taipei-tourist-site-swiftTests" */;
			buildPhases = (
				F9335A5088CDC7AA926EB292 /* [CP] Check Pods Manifest.lock */,
				3CC567C621074C2900596CDF /* Sources */,
				3CC567C721074C2900596CDF /* Frameworks */,
				3CC567C821074C2900596CDF /* Resources */,
				BE11E85EFF7ADC9C9485F223 /* [CP] Embed Pods Frameworks */,
				5D7436C69C17477B992B0EA8 /* [CP] Copy Pods Resources */,
			);
			buildRules = (
			);
			dependencies = (
				3CC567CC21074C2900596CDF /* PBXTargetDependency */,
			);
			name = "taipei-tourist-site-swiftTests";
			productName = "taipei-tourist-site-swiftTests";
			productReference = 3CC567CA21074C2900596CDF /* taipei-tourist-site-swiftTests.xctest */;
			productType = "com.apple.product-type.bundle.unit-test";
		};
		3CC567D421074C2900596CDF /* taipei-tourist-site-swiftUITests */ = {
			isa = PBXNativeTarget;
			buildConfigurationList = 3CC567E421074C2900596CDF /* Build configuration list for PBXNativeTarget "taipei-tourist-site-swiftUITests" */;
			buildPhases = (
				F32CB50BE5D16EC9DEA0A086 /* [CP] Check Pods Manifest.lock */,
				3CC567D121074C2900596CDF /* Sources */,
				3CC567D221074C2900596CDF /* Frameworks */,
				3CC567D321074C2900596CDF /* Resources */,
				E17147CD3A96B9B10F09DCB6 /* [CP] Embed Pods Frameworks */,
				41502C6DDD10C8F228EC63C4 /* [CP] Copy Pods Resources */,
			);
			buildRules = (
			);
			dependencies = (
				3CC567D721074C2900596CDF /* PBXTargetDependency */,
			);
			name = "taipei-tourist-site-swiftUITests";
			productName = "taipei-tourist-site-swiftUITests";
			productReference = 3CC567D521074C2900596CDF /* taipei-tourist-site-swiftUITests.xctest */;
			productType = "com.apple.product-type.bundle.ui-testing";
		};
/* End PBXNativeTarget section */

/* Begin PBXProject section */
		3CC567AE21074C2900596CDF /* Project object */ = {
			isa = PBXProject;
			attributes = {
				LastSwiftUpdateCheck = 0920;
				LastUpgradeCheck = 0920;
				ORGANIZATIONNAME = TMAker;
				TargetAttributes = {
					3CC567B521074C2900596CDF = {
						CreatedOnToolsVersion = 9.2;
						ProvisioningStyle = Automatic;
					};
					3CC567C921074C2900596CDF = {
						CreatedOnToolsVersion = 9.2;
						ProvisioningStyle = Automatic;
						TestTargetID = 3CC567B521074C2900596CDF;
					};
					3CC567D421074C2900596CDF = {
						CreatedOnToolsVersion = 9.2;
						ProvisioningStyle = Automatic;
						TestTargetID = 3CC567B521074C2900596CDF;
					};
				};
			};
			buildConfigurationList = 3CC567B121074C2900596CDF /* Build configuration list for PBXProject "taipei-tourist-site-swift" */;
			compatibilityVersion = "Xcode 8.0";
			developmentRegion = en;
			hasScannedForEncodings = 0;
			knownRegions = (
				en,
				Base,
			);
			mainGroup = 3CC567AD21074C2900596CDF;
			productRefGroup = 3CC567B721074C2900596CDF /* Products */;
			projectDirPath = "";
			projectRoot = "";
			targets = (
				3CC567B521074C2900596CDF /* taipei-tourist-site-swift */,
				3CC567C921074C2900596CDF /* taipei-tourist-site-swiftTests */,
				3CC567D421074C2900596CDF /* taipei-tourist-site-swiftUITests */,
			);
		};
/* End PBXProject section */

/* Begin PBXResourcesBuildPhase section */
		3CC567B421074C2900596CDF /* Resources */ = {
			isa = PBXResourcesBuildPhase;
			buildActionMask = 2147483647;
			files = (
				3CC567C421074C2900596CDF /* LaunchScreen.storyboard in Resources */,
				3CC567C121074C2900596CDF /* Assets.xcassets in Resources */,
				3CC5681B2107887D00596CDF /* TouristSiteListTableViewCell.xib in Resources */,
				3CC567E821074D0D00596CDF /* Podfile in Resources */,
				3CC567BF21074C2900596CDF /* Main.storyboard in Resources */,
			);
			runOnlyForDeploymentPostprocessing = 0;
		};
		3CC567C821074C2900596CDF /* Resources */ = {
			isa = PBXResourcesBuildPhase;
			buildActionMask = 2147483647;
			files = (
			);
			runOnlyForDeploymentPostprocessing = 0;
		};
		3CC567D321074C2900596CDF /* Resources */ = {
			isa = PBXResourcesBuildPhase;
			buildActionMask = 2147483647;
			files = (
			);
			runOnlyForDeploymentPostprocessing = 0;
		};
/* End PBXResourcesBuildPhase section */

/* Begin PBXShellScriptBuildPhase section */
		00FE05C2E4605B7C3C082571 /* [CP] Copy Pods Resources */ = {
			isa = PBXShellScriptBuildPhase;
			buildActionMask = 2147483647;
			files = (
			);
			inputPaths = (
			);
			name = "[CP] Copy Pods Resources";
			outputPaths = (
			);
			runOnlyForDeploymentPostprocessing = 0;
			shellPath = /bin/sh;
			shellScript = "\"${SRCROOT}/Pods/Target Support Files/Pods-taipei-tourist-site-swift/Pods-taipei-tourist-site-swift-resources.sh\"\n";
			showEnvVarsInLog = 0;
		};
		20F0C3FFE80B66DA4BCA1A92 /* [CP] Check Pods Manifest.lock */ = {
			isa = PBXShellScriptBuildPhase;
			buildActionMask = 2147483647;
			files = (
			);
			inputPaths = (
				"${PODS_PODFILE_DIR_PATH}/Podfile.lock",
				"${PODS_ROOT}/Manifest.lock",
			);
			name = "[CP] Check Pods Manifest.lock";
			outputPaths = (
				"$(DERIVED_FILE_DIR)/Pods-taipei-tourist-site-swift-checkManifestLockResult.txt",
			);
			runOnlyForDeploymentPostprocessing = 0;
			shellPath = /bin/sh;
			shellScript = "diff \"${PODS_PODFILE_DIR_PATH}/Podfile.lock\" \"${PODS_ROOT}/Manifest.lock\" > /dev/null\nif [ $? != 0 ] ; then\n    # print error to STDERR\n    echo \"error: The sandbox is not in sync with the Podfile.lock. Run 'pod install' or update your CocoaPods installation.\" >&2\n    exit 1\nfi\n# This output is used by Xcode 'outputs' to avoid re-running this script phase.\necho \"SUCCESS\" > \"${SCRIPT_OUTPUT_FILE_0}\"\n";
			showEnvVarsInLog = 0;
		};
		41502C6DDD10C8F228EC63C4 /* [CP] Copy Pods Resources */ = {
			isa = PBXShellScriptBuildPhase;
			buildActionMask = 2147483647;
			files = (
			);
			inputPaths = (
			);
			name = "[CP] Copy Pods Resources";
			outputPaths = (
			);
			runOnlyForDeploymentPostprocessing = 0;
			shellPath = /bin/sh;
			shellScript = "\"${SRCROOT}/Pods/Target Support Files/Pods-taipei-tourist-site-swiftUITests/Pods-taipei-tourist-site-swiftUITests-resources.sh\"\n";
			showEnvVarsInLog = 0;
		};
		5D7436C69C17477B992B0EA8 /* [CP] Copy Pods Resources */ = {
			isa = PBXShellScriptBuildPhase;
			buildActionMask = 2147483647;
			files = (
			);
			inputPaths = (
			);
			name = "[CP] Copy Pods Resources";
			outputPaths = (
			);
			runOnlyForDeploymentPostprocessing = 0;
			shellPath = /bin/sh;
			shellScript = "\"${SRCROOT}/Pods/Target Support Files/Pods-taipei-tourist-site-swiftTests/Pods-taipei-tourist-site-swiftTests-resources.sh\"\n";
			showEnvVarsInLog = 0;
		};
		BE11E85EFF7ADC9C9485F223 /* [CP] Embed Pods Frameworks */ = {
			isa = PBXShellScriptBuildPhase;
			buildActionMask = 2147483647;
			files = (
			);
			inputPaths = (
				"${SRCROOT}/Pods/Target Support Files/Pods-taipei-tourist-site-swiftTests/Pods-taipei-tourist-site-swiftTests-frameworks.sh",
				"${BUILT_PRODUCTS_DIR}/Nimble/Nimble.framework",
				"${BUILT_PRODUCTS_DIR}/Quick/Quick.framework",
			);
			name = "[CP] Embed Pods Frameworks";
			outputPaths = (
				"${TARGET_BUILD_DIR}/${FRAMEWORKS_FOLDER_PATH}/Nimble.framework",
				"${TARGET_BUILD_DIR}/${FRAMEWORKS_FOLDER_PATH}/Quick.framework",
			);
			runOnlyForDeploymentPostprocessing = 0;
			shellPath = /bin/sh;
			shellScript = "\"${SRCROOT}/Pods/Target Support Files/Pods-taipei-tourist-site-swiftTests/Pods-taipei-tourist-site-swiftTests-frameworks.sh\"\n";
			showEnvVarsInLog = 0;
		};
		E17147CD3A96B9B10F09DCB6 /* [CP] Embed Pods Frameworks */ = {
			isa = PBXShellScriptBuildPhase;
			buildActionMask = 2147483647;
			files = (
			);
			inputPaths = (
			);
			name = "[CP] Embed Pods Frameworks";
			outputPaths = (
			);
			runOnlyForDeploymentPostprocessing = 0;
			shellPath = /bin/sh;
			shellScript = "\"${SRCROOT}/Pods/Target Support Files/Pods-taipei-tourist-site-swiftUITests/Pods-taipei-tourist-site-swiftUITests-frameworks.sh\"\n";
			showEnvVarsInLog = 0;
		};
		EB73EEC30A9B9D91EAD32A9F /* [CP] Embed Pods Frameworks */ = {
			isa = PBXShellScriptBuildPhase;
			buildActionMask = 2147483647;
			files = (
			);
			inputPaths = (
				"${SRCROOT}/Pods/Target Support Files/Pods-taipei-tourist-site-swift/Pods-taipei-tourist-site-swift-frameworks.sh",
				"${BUILT_PRODUCTS_DIR}/Alamofire/Alamofire.framework",
				"${BUILT_PRODUCTS_DIR}/NetworkRequestKit/NetworkRequestKit.framework",
				"${BUILT_PRODUCTS_DIR}/PromiseKit/PromiseKit.framework",
				"${BUILT_PRODUCTS_DIR}/SwiftyJSON/SwiftyJSON.framework",
				"${BUILT_PRODUCTS_DIR}/SwiftyUserDefaults/SwiftyUserDefaults.framework",
			);
			name = "[CP] Embed Pods Frameworks";
			outputPaths = (
				"${TARGET_BUILD_DIR}/${FRAMEWORKS_FOLDER_PATH}/Alamofire.framework",
				"${TARGET_BUILD_DIR}/${FRAMEWORKS_FOLDER_PATH}/NetworkRequestKit.framework",
				"${TARGET_BUILD_DIR}/${FRAMEWORKS_FOLDER_PATH}/PromiseKit.framework",
				"${TARGET_BUILD_DIR}/${FRAMEWORKS_FOLDER_PATH}/SwiftyJSON.framework",
				"${TARGET_BUILD_DIR}/${FRAMEWORKS_FOLDER_PATH}/SwiftyUserDefaults.framework",
			);
			runOnlyForDeploymentPostprocessing = 0;
			shellPath = /bin/sh;
			shellScript = "\"${SRCROOT}/Pods/Target Support Files/Pods-taipei-tourist-site-swift/Pods-taipei-tourist-site-swift-frameworks.sh\"\n";
			showEnvVarsInLog = 0;
		};
		F32CB50BE5D16EC9DEA0A086 /* [CP] Check Pods Manifest.lock */ = {
			isa = PBXShellScriptBuildPhase;
			buildActionMask = 2147483647;
			files = (
			);
			inputPaths = (
				"${PODS_PODFILE_DIR_PATH}/Podfile.lock",
				"${PODS_ROOT}/Manifest.lock",
			);
			name = "[CP] Check Pods Manifest.lock";
			outputPaths = (
				"$(DERIVED_FILE_DIR)/Pods-taipei-tourist-site-swiftUITests-checkManifestLockResult.txt",
			);
			runOnlyForDeploymentPostprocessing = 0;
			shellPath = /bin/sh;
			shellScript = "diff \"${PODS_PODFILE_DIR_PATH}/Podfile.lock\" \"${PODS_ROOT}/Manifest.lock\" > /dev/null\nif [ $? != 0 ] ; then\n    # print error to STDERR\n    echo \"error: The sandbox is not in sync with the Podfile.lock. Run 'pod install' or update your CocoaPods installation.\" >&2\n    exit 1\nfi\n# This output is used by Xcode 'outputs' to avoid re-running this script phase.\necho \"SUCCESS\" > \"${SCRIPT_OUTPUT_FILE_0}\"\n";
			showEnvVarsInLog = 0;
		};
		F9335A5088CDC7AA926EB292 /* [CP] Check Pods Manifest.lock */ = {
			isa = PBXShellScriptBuildPhase;
			buildActionMask = 2147483647;
			files = (
			);
			inputPaths = (
				"${PODS_PODFILE_DIR_PATH}/Podfile.lock",
				"${PODS_ROOT}/Manifest.lock",
			);
			name = "[CP] Check Pods Manifest.lock";
			outputPaths = (
				"$(DERIVED_FILE_DIR)/Pods-taipei-tourist-site-swiftTests-checkManifestLockResult.txt",
			);
			runOnlyForDeploymentPostprocessing = 0;
			shellPath = /bin/sh;
			shellScript = "diff \"${PODS_PODFILE_DIR_PATH}/Podfile.lock\" \"${PODS_ROOT}/Manifest.lock\" > /dev/null\nif [ $? != 0 ] ; then\n    # print error to STDERR\n    echo \"error: The sandbox is not in sync with the Podfile.lock. Run 'pod install' or update your CocoaPods installation.\" >&2\n    exit 1\nfi\n# This output is used by Xcode 'outputs' to avoid re-running this script phase.\necho \"SUCCESS\" > \"${SCRIPT_OUTPUT_FILE_0}\"\n";
			showEnvVarsInLog = 0;
		};
/* End PBXShellScriptBuildPhase section */

/* Begin PBXSourcesBuildPhase section */
		3CC567B221074C2900596CDF /* Sources */ = {
			isa = PBXSourcesBuildPhase;
			buildActionMask = 2147483647;
			files = (
				3CC567FE21077F1400596CDF /* TouristSiteListPresenter.swift in Sources */,
				3CC56805210780F000596CDF /* TouristSiteListRouter.swift in Sources */,
				3CC5680F2107863300596CDF /* PresentModallyNavigationBar.swift in Sources */,
				3CC5680121077F9800596CDF /* UiConfig.swift in Sources */,
				3CC567F321075B6A00596CDF /* NetworkRequestConfig.swift in Sources */,
				3CC5680321077FF500596CDF /* UIColor+extension.swift in Sources */,
				3CC568412107A97300596CDF /* FrontPageBuilder.swift in Sources */,
				3CC56811210786CA00596CDF /* Number+extension.swift in Sources */,
				3CC5680A2107821D00596CDF /* TouristSiteListInteractor.swift in Sources */,
				3CC5682D210791DB00596CDF /* NavigationRouter.swift in Sources */,
				3CC5682A210791DB00596CDF /* NavigationPresenter.swift in Sources */,
				3CC567BC21074C2900596CDF /* ViewController.swift in Sources */,
				3CC567BA21074C2900596CDF /* AppDelegate.swift in Sources */,
				3CC568132107870F00596CDF /* UIView+extension.swift in Sources */,
				3CC5682421078AC900596CDF /* Queue.swift in Sources */,
				3CC567EC21074F3400596CDF /* FetchTouristSiteList.swift in Sources */,
				3CC56832210794A500596CDF /* TouristSiteListStoreService.swift in Sources */,
				3CC5682121078A9100596CDF /* UIViewController+extension.swift in Sources */,
				3CC5683621079D1600596CDF /* NavigationBar.swift in Sources */,
				3CC5680C2107832600596CDF /* TouristSiteListBuilder.swift in Sources */,
				3CC568152107878000596CDF /* HitTestExtendedView.swift in Sources */,
				3CC5683D21079EBC00596CDF /* AnalyticHelper.swift in Sources */,
				3CC5681D210788BE00596CDF /* UITableView+extension.swift in Sources */,
				3CC56808210781A500596CDF /* NavigationTransitioningDelegate.swift in Sources */,
				3CC567F12107519100596CDF /* TouristSite.swift in Sources */,
				3CC567EE21074F7400596CDF /* FetchTouristSiteResult.swift in Sources */,
				3CC5682E210791DB00596CDF /* NavigationController.swift in Sources */,
				3CC567F52107614300596CDF /* User.swift in Sources */,
				3CC5681F210788EA00596CDF /* NSObject+extension.swift in Sources */,
				3CC568342107986F00596CDF /* AppNotification.swift in Sources */,
				3CC567F821076CD200596CDF /* Disctionary+extension.swift in Sources */,
				3CC5682B210791DB00596CDF /* NavigationInteractor.swift in Sources */,
				3CC567FC21077EB400596CDF /* TouristSiteListViewController.swift in Sources */,
				3CC56817210787AB00596CDF /* UILabel+extension.swift in Sources */,
				3CC5683F2107A61500596CDF /* UIImage+extension.swift in Sources */,
				3CC5681A2107887D00596CDF /* TouristSiteListTableViewCell.swift in Sources */,
				3CC5683B21079E3D00596CDF /* FrontPageViewController.swift in Sources */,
				3CC5682C210791DB00596CDF /* NavigationBuilder.swift in Sources */,
				3CC5683821079DF500596CDF /* UIButton+extension.swift in Sources */,
			);
			runOnlyForDeploymentPostprocessing = 0;
		};
		3CC567C621074C2900596CDF /* Sources */ = {
			isa = PBXSourcesBuildPhase;
			buildActionMask = 2147483647;
			files = (
				3CC567CF21074C2900596CDF /* taipei_tourist_site_swiftTests.swift in Sources */,
			);
			runOnlyForDeploymentPostprocessing = 0;
		};
		3CC567D121074C2900596CDF /* Sources */ = {
			isa = PBXSourcesBuildPhase;
			buildActionMask = 2147483647;
			files = (
				3CC567DA21074C2900596CDF /* taipei_tourist_site_swiftUITests.swift in Sources */,
			);
			runOnlyForDeploymentPostprocessing = 0;
		};
/* End PBXSourcesBuildPhase section */

/* Begin PBXTargetDependency section */
		3CC567CC21074C2900596CDF /* PBXTargetDependency */ = {
			isa = PBXTargetDependency;
			target = 3CC567B521074C2900596CDF /* taipei-tourist-site-swift */;
			targetProxy = 3CC567CB21074C2900596CDF /* PBXContainerItemProxy */;
		};
		3CC567D721074C2900596CDF /* PBXTargetDependency */ = {
			isa = PBXTargetDependency;
			target = 3CC567B521074C2900596CDF /* taipei-tourist-site-swift */;
			targetProxy = 3CC567D621074C2900596CDF /* PBXContainerItemProxy */;
		};
/* End PBXTargetDependency section */

/* Begin PBXVariantGroup section */
		3CC567BD21074C2900596CDF /* Main.storyboard */ = {
			isa = PBXVariantGroup;
			children = (
				3CC567BE21074C2900596CDF /* Base */,
			);
			name = Main.storyboard;
			sourceTree = "<group>";
		};
		3CC567C221074C2900596CDF /* LaunchScreen.storyboard */ = {
			isa = PBXVariantGroup;
			children = (
				3CC567C321074C2900596CDF /* Base */,
			);
			name = LaunchScreen.storyboard;
			sourceTree = "<group>";
		};
/* End PBXVariantGroup section */

/* Begin XCBuildConfiguration section */
		3CC567DC21074C2900596CDF /* Debug */ = {
			isa = XCBuildConfiguration;
			buildSettings = {
				ALWAYS_SEARCH_USER_PATHS = NO;
				CLANG_ANALYZER_NONNULL = YES;
				CLANG_ANALYZER_NUMBER_OBJECT_CONVERSION = YES_AGGRESSIVE;
				CLANG_CXX_LANGUAGE_STANDARD = "gnu++14";
				CLANG_CXX_LIBRARY = "libc++";
				CLANG_ENABLE_MODULES = YES;
				CLANG_ENABLE_OBJC_ARC = YES;
				CLANG_WARN_BLOCK_CAPTURE_AUTORELEASING = YES;
				CLANG_WARN_BOOL_CONVERSION = YES;
				CLANG_WARN_COMMA = YES;
				CLANG_WARN_CONSTANT_CONVERSION = YES;
				CLANG_WARN_DIRECT_OBJC_ISA_USAGE = YES_ERROR;
				CLANG_WARN_DOCUMENTATION_COMMENTS = YES;
				CLANG_WARN_EMPTY_BODY = YES;
				CLANG_WARN_ENUM_CONVERSION = YES;
				CLANG_WARN_INFINITE_RECURSION = YES;
				CLANG_WARN_INT_CONVERSION = YES;
				CLANG_WARN_NON_LITERAL_NULL_CONVERSION = YES;
				CLANG_WARN_OBJC_LITERAL_CONVERSION = YES;
				CLANG_WARN_OBJC_ROOT_CLASS = YES_ERROR;
				CLANG_WARN_RANGE_LOOP_ANALYSIS = YES;
				CLANG_WARN_STRICT_PROTOTYPES = YES;
				CLANG_WARN_SUSPICIOUS_MOVE = YES;
				CLANG_WARN_UNGUARDED_AVAILABILITY = YES_AGGRESSIVE;
				CLANG_WARN_UNREACHABLE_CODE = YES;
				CLANG_WARN__DUPLICATE_METHOD_MATCH = YES;
				CODE_SIGN_IDENTITY = "iPhone Developer";
				COPY_PHASE_STRIP = NO;
				DEBUG_INFORMATION_FORMAT = dwarf;
				ENABLE_STRICT_OBJC_MSGSEND = YES;
				ENABLE_TESTABILITY = YES;
				GCC_C_LANGUAGE_STANDARD = gnu11;
				GCC_DYNAMIC_NO_PIC = NO;
				GCC_NO_COMMON_BLOCKS = YES;
				GCC_OPTIMIZATION_LEVEL = 0;
				GCC_PREPROCESSOR_DEFINITIONS = (
					"DEBUG=1",
					"$(inherited)",
				);
				GCC_WARN_64_TO_32_BIT_CONVERSION = YES;
				GCC_WARN_ABOUT_RETURN_TYPE = YES_ERROR;
				GCC_WARN_UNDECLARED_SELECTOR = YES;
				GCC_WARN_UNINITIALIZED_AUTOS = YES_AGGRESSIVE;
				GCC_WARN_UNUSED_FUNCTION = YES;
				GCC_WARN_UNUSED_VARIABLE = YES;
				IPHONEOS_DEPLOYMENT_TARGET = 10.3;
				MTL_ENABLE_DEBUG_INFO = YES;
				ONLY_ACTIVE_ARCH = YES;
				SDKROOT = iphoneos;
				SWIFT_ACTIVE_COMPILATION_CONDITIONS = DEBUG;
				SWIFT_OPTIMIZATION_LEVEL = "-Onone";
				SWIFT_VERSION = "";
			};
			name = Debug;
		};
		3CC567DD21074C2900596CDF /* Release */ = {
			isa = XCBuildConfiguration;
			buildSettings = {
				ALWAYS_SEARCH_USER_PATHS = NO;
				CLANG_ANALYZER_NONNULL = YES;
				CLANG_ANALYZER_NUMBER_OBJECT_CONVERSION = YES_AGGRESSIVE;
				CLANG_CXX_LANGUAGE_STANDARD = "gnu++14";
				CLANG_CXX_LIBRARY = "libc++";
				CLANG_ENABLE_MODULES = YES;
				CLANG_ENABLE_OBJC_ARC = YES;
				CLANG_WARN_BLOCK_CAPTURE_AUTORELEASING = YES;
				CLANG_WARN_BOOL_CONVERSION = YES;
				CLANG_WARN_COMMA = YES;
				CLANG_WARN_CONSTANT_CONVERSION = YES;
				CLANG_WARN_DIRECT_OBJC_ISA_USAGE = YES_ERROR;
				CLANG_WARN_DOCUMENTATION_COMMENTS = YES;
				CLANG_WARN_EMPTY_BODY = YES;
				CLANG_WARN_ENUM_CONVERSION = YES;
				CLANG_WARN_INFINITE_RECURSION = YES;
				CLANG_WARN_INT_CONVERSION = YES;
				CLANG_WARN_NON_LITERAL_NULL_CONVERSION = YES;
				CLANG_WARN_OBJC_LITERAL_CONVERSION = YES;
				CLANG_WARN_OBJC_ROOT_CLASS = YES_ERROR;
				CLANG_WARN_RANGE_LOOP_ANALYSIS = YES;
				CLANG_WARN_STRICT_PROTOTYPES = YES;
				CLANG_WARN_SUSPICIOUS_MOVE = YES;
				CLANG_WARN_UNGUARDED_AVAILABILITY = YES_AGGRESSIVE;
				CLANG_WARN_UNREACHABLE_CODE = YES;
				CLANG_WARN__DUPLICATE_METHOD_MATCH = YES;
				CODE_SIGN_IDENTITY = "iPhone Developer";
				COPY_PHASE_STRIP = NO;
				DEBUG_INFORMATION_FORMAT = "dwarf-with-dsym";
				ENABLE_NS_ASSERTIONS = NO;
				ENABLE_STRICT_OBJC_MSGSEND = YES;
				GCC_C_LANGUAGE_STANDARD = gnu11;
				GCC_NO_COMMON_BLOCKS = YES;
				GCC_WARN_64_TO_32_BIT_CONVERSION = YES;
				GCC_WARN_ABOUT_RETURN_TYPE = YES_ERROR;
				GCC_WARN_UNDECLARED_SELECTOR = YES;
				GCC_WARN_UNINITIALIZED_AUTOS = YES_AGGRESSIVE;
				GCC_WARN_UNUSED_FUNCTION = YES;
				GCC_WARN_UNUSED_VARIABLE = YES;
				IPHONEOS_DEPLOYMENT_TARGET = 10.3;
				MTL_ENABLE_DEBUG_INFO = NO;
				SDKROOT = iphoneos;
				SWIFT_OPTIMIZATION_LEVEL = "-Owholemodule";
				SWIFT_VERSION = "";
				VALIDATE_PRODUCT = YES;
			};
			name = Release;
		};
		3CC567DF21074C2900596CDF /* Debug */ = {
			isa = XCBuildConfiguration;
			baseConfigurationReference = 69402B1A5373106A6FFEEE85 /* Pods-taipei-tourist-site-swift.debug.xcconfig */;
			buildSettings = {
				ASSETCATALOG_COMPILER_APPICON_NAME = AppIcon;
				CODE_SIGN_STYLE = Automatic;
				DEVELOPMENT_TEAM = L9NJSH4CZ8;
				INFOPLIST_FILE = "taipei-tourist-site-swift/Info.plist";
				LD_RUNPATH_SEARCH_PATHS = "$(inherited) @executable_path/Frameworks";
				PRODUCT_BUNDLE_IDENTIFIER = "studio.tmaker.taipei-tourist-site-swift";
				PRODUCT_NAME = "$(TARGET_NAME)";
				SWIFT_VERSION = 4.0;
				TARGETED_DEVICE_FAMILY = "1,2";
			};
			name = Debug;
		};
		3CC567E021074C2900596CDF /* Release */ = {
			isa = XCBuildConfiguration;
			baseConfigurationReference = 12A95BB77453E32B5649FD1A /* Pods-taipei-tourist-site-swift.release.xcconfig */;
			buildSettings = {
				ASSETCATALOG_COMPILER_APPICON_NAME = AppIcon;
				CODE_SIGN_STYLE = Automatic;
				DEVELOPMENT_TEAM = L9NJSH4CZ8;
				INFOPLIST_FILE = "taipei-tourist-site-swift/Info.plist";
				LD_RUNPATH_SEARCH_PATHS = "$(inherited) @executable_path/Frameworks";
				PRODUCT_BUNDLE_IDENTIFIER = "studio.tmaker.taipei-tourist-site-swift";
				PRODUCT_NAME = "$(TARGET_NAME)";
				SWIFT_VERSION = 4.0;
				TARGETED_DEVICE_FAMILY = "1,2";
			};
			name = Release;
		};
		3CC567E221074C2900596CDF /* Debug */ = {
			isa = XCBuildConfiguration;
			baseConfigurationReference = 2AAB38FDD5FE020324915B16 /* Pods-taipei-tourist-site-swiftTests.debug.xcconfig */;
			buildSettings = {
				ALWAYS_EMBED_SWIFT_STANDARD_LIBRARIES = YES;
				BUNDLE_LOADER = "$(TEST_HOST)";
				CODE_SIGN_STYLE = Automatic;
				DEVELOPMENT_TEAM = L9NJSH4CZ8;
				INFOPLIST_FILE = "taipei-tourist-site-swiftTests/Info.plist";
				LD_RUNPATH_SEARCH_PATHS = "$(inherited) @executable_path/Frameworks @loader_path/Frameworks";
				PRODUCT_BUNDLE_IDENTIFIER = "studio.tmaker.taipei-tourist-site-swiftTests";
				PRODUCT_NAME = "$(TARGET_NAME)";
				SWIFT_VERSION = 4.0;
				TARGETED_DEVICE_FAMILY = "1,2";
				TEST_HOST = "$(BUILT_PRODUCTS_DIR)/taipei-tourist-site-swift.app/taipei-tourist-site-swift";
			};
			name = Debug;
		};
		3CC567E321074C2900596CDF /* Release */ = {
			isa = XCBuildConfiguration;
			baseConfigurationReference = A93AD8E2E9EACEC236C0EB0C /* Pods-taipei-tourist-site-swiftTests.release.xcconfig */;
			buildSettings = {
				ALWAYS_EMBED_SWIFT_STANDARD_LIBRARIES = YES;
				BUNDLE_LOADER = "$(TEST_HOST)";
				CODE_SIGN_STYLE = Automatic;
				DEVELOPMENT_TEAM = L9NJSH4CZ8;
				INFOPLIST_FILE = "taipei-tourist-site-swiftTests/Info.plist";
				LD_RUNPATH_SEARCH_PATHS = "$(inherited) @executable_path/Frameworks @loader_path/Frameworks";
				PRODUCT_BUNDLE_IDENTIFIER = "studio.tmaker.taipei-tourist-site-swiftTests";
				PRODUCT_NAME = "$(TARGET_NAME)";
				SWIFT_VERSION = 4.0;
				TARGETED_DEVICE_FAMILY = "1,2";
				TEST_HOST = "$(BUILT_PRODUCTS_DIR)/taipei-tourist-site-swift.app/taipei-tourist-site-swift";
			};
			name = Release;
		};
		3CC567E521074C2900596CDF /* Debug */ = {
			isa = XCBuildConfiguration;
			baseConfigurationReference = 8739FBDC7FC4D8E65B558C8F /* Pods-taipei-tourist-site-swiftUITests.debug.xcconfig */;
			buildSettings = {
				ALWAYS_EMBED_SWIFT_STANDARD_LIBRARIES = YES;
				CODE_SIGN_STYLE = Automatic;
				DEVELOPMENT_TEAM = L9NJSH4CZ8;
				INFOPLIST_FILE = "taipei-tourist-site-swiftUITests/Info.plist";
				LD_RUNPATH_SEARCH_PATHS = "$(inherited) @executable_path/Frameworks @loader_path/Frameworks";
				PRODUCT_BUNDLE_IDENTIFIER = "studio.tmaker.taipei-tourist-site-swiftUITests";
				PRODUCT_NAME = "$(TARGET_NAME)";
				SWIFT_VERSION = 4.0;
				TARGETED_DEVICE_FAMILY = "1,2";
				TEST_TARGET_NAME = "taipei-tourist-site-swift";
			};
			name = Debug;
		};
		3CC567E621074C2900596CDF /* Release */ = {
			isa = XCBuildConfiguration;
			baseConfigurationReference = 042FFB07D8BB909A4788B9D0 /* Pods-taipei-tourist-site-swiftUITests.release.xcconfig */;
			buildSettings = {
				ALWAYS_EMBED_SWIFT_STANDARD_LIBRARIES = YES;
				CODE_SIGN_STYLE = Automatic;
				DEVELOPMENT_TEAM = L9NJSH4CZ8;
				INFOPLIST_FILE = "taipei-tourist-site-swiftUITests/Info.plist";
				LD_RUNPATH_SEARCH_PATHS = "$(inherited) @executable_path/Frameworks @loader_path/Frameworks";
				PRODUCT_BUNDLE_IDENTIFIER = "studio.tmaker.taipei-tourist-site-swiftUITests";
				PRODUCT_NAME = "$(TARGET_NAME)";
				SWIFT_VERSION = 4.0;
				TARGETED_DEVICE_FAMILY = "1,2";
				TEST_TARGET_NAME = "taipei-tourist-site-swift";
			};
			name = Release;
		};
/* End XCBuildConfiguration section */

/* Begin XCConfigurationList section */
		3CC567B121074C2900596CDF /* Build configuration list for PBXProject "taipei-tourist-site-swift" */ = {
			isa = XCConfigurationList;
			buildConfigurations = (
				3CC567DC21074C2900596CDF /* Debug */,
				3CC567DD21074C2900596CDF /* Release */,
			);
			defaultConfigurationIsVisible = 0;
			defaultConfigurationName = Release;
		};
		3CC567DE21074C2900596CDF /* Build configuration list for PBXNativeTarget "taipei-tourist-site-swift" */ = {
			isa = XCConfigurationList;
			buildConfigurations = (
				3CC567DF21074C2900596CDF /* Debug */,
				3CC567E021074C2900596CDF /* Release */,
			);
			defaultConfigurationIsVisible = 0;
			defaultConfigurationName = Release;
		};
		3CC567E121074C2900596CDF /* Build configuration list for PBXNativeTarget "taipei-tourist-site-swiftTests" */ = {
			isa = XCConfigurationList;
			buildConfigurations = (
				3CC567E221074C2900596CDF /* Debug */,
				3CC567E321074C2900596CDF /* Release */,
			);
			defaultConfigurationIsVisible = 0;
			defaultConfigurationName = Release;
		};
		3CC567E421074C2900596CDF /* Build configuration list for PBXNativeTarget "taipei-tourist-site-swiftUITests" */ = {
			isa = XCConfigurationList;
			buildConfigurations = (
				3CC567E521074C2900596CDF /* Debug */,
				3CC567E621074C2900596CDF /* Release */,
			);
			defaultConfigurationIsVisible = 0;
			defaultConfigurationName = Release;
		};
/* End XCConfigurationList section */
	};
	rootObject = 3CC567AE21074C2900596CDF /* Project object */;
}
