// !$*UTF8*$!
{
	archiveVersion = 1;
	classes = {
	};
	objectVersion = 48;
	objects = {

/* Begin PBXBuildFile section */
		3C1F1F27210B21C800175535 /* HomeConfigurator.swift in Sources */ = {isa = PBXBuildFile; fileRef = 3C1F1F26210B21C800175535 /* HomeConfigurator.swift */; };
		3C1F1F29210B221800175535 /* HomePresenter.swift in Sources */ = {isa = PBXBuildFile; fileRef = 3C1F1F28210B221800175535 /* HomePresenter.swift */; };
		3C1F1F2B210B23E400175535 /* HomeInput.swift in Sources */ = {isa = PBXBuildFile; fileRef = 3C1F1F2A210B23E400175535 /* HomeInput.swift */; };
		3C1F1F2D210B243300175535 /* HomeViewController.swift in Sources */ = {isa = PBXBuildFile; fileRef = 3C1F1F2C210B243300175535 /* HomeViewController.swift */; };
		3C1F1F2F210B243C00175535 /* HomeViewInput.swift in Sources */ = {isa = PBXBuildFile; fileRef = 3C1F1F2E210B243C00175535 /* HomeViewInput.swift */; };
		3C1F1F31210B244F00175535 /* HomeViewOutput.swift in Sources */ = {isa = PBXBuildFile; fileRef = 3C1F1F30210B244F00175535 /* HomeViewOutput.swift */; };
		3C1F1F34210B26AB00175535 /* HomeInitializer.swift in Sources */ = {isa = PBXBuildFile; fileRef = 3C1F1F33210B26AB00175535 /* HomeInitializer.swift */; };
		3C1F1F36210B276400175535 /* HomeInteractor.swift in Sources */ = {isa = PBXBuildFile; fileRef = 3C1F1F35210B276400175535 /* HomeInteractor.swift */; };
		3C1F1F38210B279800175535 /* HomeInteractorInput.swift in Sources */ = {isa = PBXBuildFile; fileRef = 3C1F1F37210B279800175535 /* HomeInteractorInput.swift */; };
		3C1F1F3A210B27AC00175535 /* HomeInteractorOutput.swift in Sources */ = {isa = PBXBuildFile; fileRef = 3C1F1F39210B27AC00175535 /* HomeInteractorOutput.swift */; };
		3C396628210C0D8D009BE405 /* TouristSiteTableViewCell.swift in Sources */ = {isa = PBXBuildFile; fileRef = 3C396626210C0D8D009BE405 /* TouristSiteTableViewCell.swift */; };
		3C396629210C0D8D009BE405 /* TouristSiteTableViewCell.xib in Resources */ = {isa = PBXBuildFile; fileRef = 3C396627210C0D8D009BE405 /* TouristSiteTableViewCell.xib */; };
		3C39662D210C0E63009BE405 /* AppConfig.swift in Sources */ = {isa = PBXBuildFile; fileRef = 3C39662C210C0E63009BE405 /* AppConfig.swift */; };
		3C396632210C1495009BE405 /* RefreshEnum.swift in Sources */ = {isa = PBXBuildFile; fileRef = 3C396631210C1495009BE405 /* RefreshEnum.swift */; };
		3C3F0A3B210F5BD400E2ED60 /* LocalTouristSiteInjection.swift in Sources */ = {isa = PBXBuildFile; fileRef = 3C3F0A3A210F5BD400E2ED60 /* LocalTouristSiteInjection.swift */; };
		3C3F0A3E210F5C3F00E2ED60 /* PersistanceError.swift in Sources */ = {isa = PBXBuildFile; fileRef = 3C3F0A3D210F5C3F00E2ED60 /* PersistanceError.swift */; };
		3C3F0A40210F5CDD00E2ED60 /* InjectionMap.swift in Sources */ = {isa = PBXBuildFile; fileRef = 3C3F0A3F210F5CDD00E2ED60 /* InjectionMap.swift */; };
		3C3F0A42210F5FD900E2ED60 /* HomeViewModel.swift in Sources */ = {isa = PBXBuildFile; fileRef = 3C3F0A41210F5FD900E2ED60 /* HomeViewModel.swift */; };
		3C852244210B5FE20075A50D /* HomeRouter.swift in Sources */ = {isa = PBXBuildFile; fileRef = 3C852243210B5FE20075A50D /* HomeRouter.swift */; };
		3C852246210B5FED0075A50D /* HomeRouterInput.swift in Sources */ = {isa = PBXBuildFile; fileRef = 3C852245210B5FED0075A50D /* HomeRouterInput.swift */; };
		3CC567BA21074C2900596CDF /* AppDelegate.swift in Sources */ = {isa = PBXBuildFile; fileRef = 3CC567B921074C2900596CDF /* AppDelegate.swift */; };
		3CC567BC21074C2900596CDF /* ViewController.swift in Sources */ = {isa = PBXBuildFile; fileRef = 3CC567BB21074C2900596CDF /* ViewController.swift */; };
		3CC567BF21074C2900596CDF /* Main.storyboard in Resources */ = {isa = PBXBuildFile; fileRef = 3CC567BD21074C2900596CDF /* Main.storyboard */; };
		3CC567C121074C2900596CDF /* Assets.xcassets in Resources */ = {isa = PBXBuildFile; fileRef = 3CC567C021074C2900596CDF /* Assets.xcassets */; };
		3CC567C421074C2900596CDF /* LaunchScreen.storyboard in Resources */ = {isa = PBXBuildFile; fileRef = 3CC567C221074C2900596CDF /* LaunchScreen.storyboard */; };
		3CC567CF21074C2900596CDF /* taipei_tourist_site_swiftTests.swift in Sources */ = {isa = PBXBuildFile; fileRef = 3CC567CE21074C2900596CDF /* taipei_tourist_site_swiftTests.swift */; };
		3CC567DA21074C2900596CDF /* taipei_tourist_site_swiftUITests.swift in Sources */ = {isa = PBXBuildFile; fileRef = 3CC567D921074C2900596CDF /* taipei_tourist_site_swiftUITests.swift */; };
		3CC567E821074D0D00596CDF /* Podfile in Resources */ = {isa = PBXBuildFile; fileRef = 3CC567E721074D0D00596CDF /* Podfile */; };
		3CC567F821076CD200596CDF /* Disctionary+extension.swift in Sources */ = {isa = PBXBuildFile; fileRef = 3CC567F721076CD200596CDF /* Disctionary+extension.swift */; };
		3CC5680321077FF500596CDF /* UIColor+extension.swift in Sources */ = {isa = PBXBuildFile; fileRef = 3CC5680221077FF500596CDF /* UIColor+extension.swift */; };
		3CC56811210786CA00596CDF /* Number+extension.swift in Sources */ = {isa = PBXBuildFile; fileRef = 3CC56810210786CA00596CDF /* Number+extension.swift */; };
		3CC568132107870F00596CDF /* UIView+extension.swift in Sources */ = {isa = PBXBuildFile; fileRef = 3CC568122107870F00596CDF /* UIView+extension.swift */; };
		3CC56817210787AB00596CDF /* UILabel+extension.swift in Sources */ = {isa = PBXBuildFile; fileRef = 3CC56816210787AB00596CDF /* UILabel+extension.swift */; };
		3CC5681D210788BE00596CDF /* UITableView+extension.swift in Sources */ = {isa = PBXBuildFile; fileRef = 3CC5681C210788BE00596CDF /* UITableView+extension.swift */; };
		3CC5681F210788EA00596CDF /* NSObject+extension.swift in Sources */ = {isa = PBXBuildFile; fileRef = 3CC5681E210788EA00596CDF /* NSObject+extension.swift */; };
		3CC5682121078A9100596CDF /* UIViewController+extension.swift in Sources */ = {isa = PBXBuildFile; fileRef = 3CC5682021078A9100596CDF /* UIViewController+extension.swift */; };
		3CC5682421078AC900596CDF /* Queue.swift in Sources */ = {isa = PBXBuildFile; fileRef = 3CC5682321078AC900596CDF /* Queue.swift */; };
		8203766C0946CE9BD2B4E1AA /* Pods_taipei_tourist_site_swiftTests.framework in Frameworks */ = {isa = PBXBuildFile; fileRef = EF7F7C116321A657BCE9E5C8 /* Pods_taipei_tourist_site_swiftTests.framework */; };
		91619C0DF0ED14A8171F73C0 /* Pods_Dependency_taipei_tourist_site_swift.framework in Frameworks */ = {isa = PBXBuildFile; fileRef = 2EE63EA1E02B3CB0C66F2169 /* Pods_Dependency_taipei_tourist_site_swift.framework */; };
		B055537D17BC2F5D30DBF39F /* Pods_taipei_tourist_site_swiftUITests.framework in Frameworks */ = {isa = PBXBuildFile; fileRef = 9B704B90DC8BCC90A61FD5BD /* Pods_taipei_tourist_site_swiftUITests.framework */; };
/* End PBXBuildFile section */

/* Begin PBXContainerItemProxy section */
		3CC567CB21074C2900596CDF /* PBXContainerItemProxy */ = {
			isa = PBXContainerItemProxy;
			containerPortal = 3CC567AE21074C2900596CDF /* Project object */;
			proxyType = 1;
			remoteGlobalIDString = 3CC567B521074C2900596CDF;
			remoteInfo = "taipei-tourist-site-swift";
		};
		3CC567D621074C2900596CDF /* PBXContainerItemProxy */ = {
			isa = PBXContainerItemProxy;
			containerPortal = 3CC567AE21074C2900596CDF /* Project object */;
			proxyType = 1;
			remoteGlobalIDString = 3CC567B521074C2900596CDF;
			remoteInfo = "taipei-tourist-site-swift";
		};
/* End PBXContainerItemProxy section */

/* Begin PBXFileReference section */
		042FFB07D8BB909A4788B9D0 /* Pods-taipei-tourist-site-swiftUITests.release.xcconfig */ = {isa = PBXFileReference; includeInIndex = 1; lastKnownFileType = text.xcconfig; name = "Pods-taipei-tourist-site-swiftUITests.release.xcconfig"; path = "Pods/Target Support Files/Pods-taipei-tourist-site-swiftUITests/Pods-taipei-tourist-site-swiftUITests.release.xcconfig"; sourceTree = "<group>"; };
		2AAB38FDD5FE020324915B16 /* Pods-taipei-tourist-site-swiftTests.debug.xcconfig */ = {isa = PBXFileReference; includeInIndex = 1; lastKnownFileType = text.xcconfig; name = "Pods-taipei-tourist-site-swiftTests.debug.xcconfig"; path = "Pods/Target Support Files/Pods-taipei-tourist-site-swiftTests/Pods-taipei-tourist-site-swiftTests.debug.xcconfig"; sourceTree = "<group>"; };
		2EE63EA1E02B3CB0C66F2169 /* Pods_Dependency_taipei_tourist_site_swift.framework */ = {isa = PBXFileReference; explicitFileType = wrapper.framework; includeInIndex = 0; path = Pods_Dependency_taipei_tourist_site_swift.framework; sourceTree = BUILT_PRODUCTS_DIR; };
		2F38D759D5EA7C80EF48D133 /* Pods-Dependency-taipei-tourist-site-swift.debug.xcconfig */ = {isa = PBXFileReference; includeInIndex = 1; lastKnownFileType = text.xcconfig; name = "Pods-Dependency-taipei-tourist-site-swift.debug.xcconfig"; path = "Pods/Target Support Files/Pods-Dependency-taipei-tourist-site-swift/Pods-Dependency-taipei-tourist-site-swift.debug.xcconfig"; sourceTree = "<group>"; };
		3C1F1F26210B21C800175535 /* HomeConfigurator.swift */ = {isa = PBXFileReference; lastKnownFileType = sourcecode.swift; path = HomeConfigurator.swift; sourceTree = "<group>"; };
		3C1F1F28210B221800175535 /* HomePresenter.swift */ = {isa = PBXFileReference; lastKnownFileType = sourcecode.swift; path = HomePresenter.swift; sourceTree = "<group>"; };
		3C1F1F2A210B23E400175535 /* HomeInput.swift */ = {isa = PBXFileReference; lastKnownFileType = sourcecode.swift; path = HomeInput.swift; sourceTree = "<group>"; };
		3C1F1F2C210B243300175535 /* HomeViewController.swift */ = {isa = PBXFileReference; lastKnownFileType = sourcecode.swift; path = HomeViewController.swift; sourceTree = "<group>"; };
		3C1F1F2E210B243C00175535 /* HomeViewInput.swift */ = {isa = PBXFileReference; lastKnownFileType = sourcecode.swift; path = HomeViewInput.swift; sourceTree = "<group>"; };
		3C1F1F30210B244F00175535 /* HomeViewOutput.swift */ = {isa = PBXFileReference; lastKnownFileType = sourcecode.swift; path = HomeViewOutput.swift; sourceTree = "<group>"; };
		3C1F1F33210B26AB00175535 /* HomeInitializer.swift */ = {isa = PBXFileReference; lastKnownFileType = sourcecode.swift; path = HomeInitializer.swift; sourceTree = "<group>"; };
		3C1F1F35210B276400175535 /* HomeInteractor.swift */ = {isa = PBXFileReference; lastKnownFileType = sourcecode.swift; path = HomeInteractor.swift; sourceTree = "<group>"; };
		3C1F1F37210B279800175535 /* HomeInteractorInput.swift */ = {isa = PBXFileReference; lastKnownFileType = sourcecode.swift; path = HomeInteractorInput.swift; sourceTree = "<group>"; };
		3C1F1F39210B27AC00175535 /* HomeInteractorOutput.swift */ = {isa = PBXFileReference; lastKnownFileType = sourcecode.swift; path = HomeInteractorOutput.swift; sourceTree = "<group>"; };
		3C396626210C0D8D009BE405 /* TouristSiteTableViewCell.swift */ = {isa = PBXFileReference; lastKnownFileType = sourcecode.swift; path = TouristSiteTableViewCell.swift; sourceTree = "<group>"; };
		3C396627210C0D8D009BE405 /* TouristSiteTableViewCell.xib */ = {isa = PBXFileReference; lastKnownFileType = file.xib; path = TouristSiteTableViewCell.xib; sourceTree = "<group>"; };
		3C39662C210C0E63009BE405 /* AppConfig.swift */ = {isa = PBXFileReference; lastKnownFileType = sourcecode.swift; path = AppConfig.swift; sourceTree = "<group>"; };
		3C396631210C1495009BE405 /* RefreshEnum.swift */ = {isa = PBXFileReference; lastKnownFileType = sourcecode.swift; path = RefreshEnum.swift; sourceTree = "<group>"; };
		3C3F0A3A210F5BD400E2ED60 /* LocalTouristSiteInjection.swift */ = {isa = PBXFileReference; lastKnownFileType = sourcecode.swift; path = LocalTouristSiteInjection.swift; sourceTree = "<group>"; };
		3C3F0A3D210F5C3F00E2ED60 /* PersistanceError.swift */ = {isa = PBXFileReference; lastKnownFileType = sourcecode.swift; path = PersistanceError.swift; sourceTree = "<group>"; };
		3C3F0A3F210F5CDD00E2ED60 /* InjectionMap.swift */ = {isa = PBXFileReference; lastKnownFileType = sourcecode.swift; path = InjectionMap.swift; sourceTree = "<group>"; };
		3C3F0A41210F5FD900E2ED60 /* HomeViewModel.swift */ = {isa = PBXFileReference; lastKnownFileType = sourcecode.swift; path = HomeViewModel.swift; sourceTree = "<group>"; };
		3C852243210B5FE20075A50D /* HomeRouter.swift */ = {isa = PBXFileReference; lastKnownFileType = sourcecode.swift; path = HomeRouter.swift; sourceTree = "<group>"; };
		3C852245210B5FED0075A50D /* HomeRouterInput.swift */ = {isa = PBXFileReference; lastKnownFileType = sourcecode.swift; path = HomeRouterInput.swift; sourceTree = "<group>"; };
		3CC567B621074C2900596CDF /* taipei-tourist-site-swift.app */ = {isa = PBXFileReference; explicitFileType = wrapper.application; includeInIndex = 0; path = "taipei-tourist-site-swift.app"; sourceTree = BUILT_PRODUCTS_DIR; };
		3CC567B921074C2900596CDF /* AppDelegate.swift */ = {isa = PBXFileReference; lastKnownFileType = sourcecode.swift; path = AppDelegate.swift; sourceTree = "<group>"; };
		3CC567BB21074C2900596CDF /* ViewController.swift */ = {isa = PBXFileReference; lastKnownFileType = sourcecode.swift; path = ViewController.swift; sourceTree = "<group>"; };
		3CC567BE21074C2900596CDF /* Base */ = {isa = PBXFileReference; lastKnownFileType = file.storyboard; name = Base; path = Base.lproj/Main.storyboard; sourceTree = "<group>"; };
		3CC567C021074C2900596CDF /* Assets.xcassets */ = {isa = PBXFileReference; lastKnownFileType = folder.assetcatalog; path = Assets.xcassets; sourceTree = "<group>"; };
		3CC567C321074C2900596CDF /* Base */ = {isa = PBXFileReference; lastKnownFileType = file.storyboard; name = Base; path = Base.lproj/LaunchScreen.storyboard; sourceTree = "<group>"; };
		3CC567C521074C2900596CDF /* Info.plist */ = {isa = PBXFileReference; lastKnownFileType = text.plist.xml; path = Info.plist; sourceTree = "<group>"; };
		3CC567CA21074C2900596CDF /* taipei-tourist-site-swiftTests.xctest */ = {isa = PBXFileReference; explicitFileType = wrapper.cfbundle; includeInIndex = 0; path = "taipei-tourist-site-swiftTests.xctest"; sourceTree = BUILT_PRODUCTS_DIR; };
		3CC567CE21074C2900596CDF /* taipei_tourist_site_swiftTests.swift */ = {isa = PBXFileReference; lastKnownFileType = sourcecode.swift; path = taipei_tourist_site_swiftTests.swift; sourceTree = "<group>"; };
		3CC567D021074C2900596CDF /* Info.plist */ = {isa = PBXFileReference; lastKnownFileType = text.plist.xml; path = Info.plist; sourceTree = "<group>"; };
		3CC567D521074C2900596CDF /* taipei-tourist-site-swiftUITests.xctest */ = {isa = PBXFileReference; explicitFileType = wrapper.cfbundle; includeInIndex = 0; path = "taipei-tourist-site-swiftUITests.xctest"; sourceTree = BUILT_PRODUCTS_DIR; };
		3CC567D921074C2900596CDF /* taipei_tourist_site_swiftUITests.swift */ = {isa = PBXFileReference; lastKnownFileType = sourcecode.swift; path = taipei_tourist_site_swiftUITests.swift; sourceTree = "<group>"; };
		3CC567DB21074C2900596CDF /* Info.plist */ = {isa = PBXFileReference; lastKnownFileType = text.plist.xml; path = Info.plist; sourceTree = "<group>"; };
		3CC567E721074D0D00596CDF /* Podfile */ = {isa = PBXFileReference; lastKnownFileType = text; path = Podfile; sourceTree = "<group>"; xcLanguageSpecificationIdentifier = xcode.lang.ruby; };
		3CC567F721076CD200596CDF /* Disctionary+extension.swift */ = {isa = PBXFileReference; lastKnownFileType = sourcecode.swift; path = "Disctionary+extension.swift"; sourceTree = "<group>"; };
		3CC5680221077FF500596CDF /* UIColor+extension.swift */ = {isa = PBXFileReference; lastKnownFileType = sourcecode.swift; path = "UIColor+extension.swift"; sourceTree = "<group>"; };
		3CC56810210786CA00596CDF /* Number+extension.swift */ = {isa = PBXFileReference; lastKnownFileType = sourcecode.swift; path = "Number+extension.swift"; sourceTree = "<group>"; };
		3CC568122107870F00596CDF /* UIView+extension.swift */ = {isa = PBXFileReference; lastKnownFileType = sourcecode.swift; path = "UIView+extension.swift"; sourceTree = "<group>"; };
		3CC56816210787AB00596CDF /* UILabel+extension.swift */ = {isa = PBXFileReference; lastKnownFileType = sourcecode.swift; path = "UILabel+extension.swift"; sourceTree = "<group>"; };
		3CC5681C210788BE00596CDF /* UITableView+extension.swift */ = {isa = PBXFileReference; lastKnownFileType = sourcecode.swift; path = "UITableView+extension.swift"; sourceTree = "<group>"; };
		3CC5681E210788EA00596CDF /* NSObject+extension.swift */ = {isa = PBXFileReference; lastKnownFileType = sourcecode.swift; path = "NSObject+extension.swift"; sourceTree = "<group>"; };
		3CC5682021078A9100596CDF /* UIViewController+extension.swift */ = {isa = PBXFileReference; lastKnownFileType = sourcecode.swift; path = "UIViewController+extension.swift"; sourceTree = "<group>"; };
		3CC5682321078AC900596CDF /* Queue.swift */ = {isa = PBXFileReference; lastKnownFileType = sourcecode.swift; path = Queue.swift; sourceTree = "<group>"; };
		8739FBDC7FC4D8E65B558C8F /* Pods-taipei-tourist-site-swiftUITests.debug.xcconfig */ = {isa = PBXFileReference; includeInIndex = 1; lastKnownFileType = text.xcconfig; name = "Pods-taipei-tourist-site-swiftUITests.debug.xcconfig"; path = "Pods/Target Support Files/Pods-taipei-tourist-site-swiftUITests/Pods-taipei-tourist-site-swiftUITests.debug.xcconfig"; sourceTree = "<group>"; };
		9B704B90DC8BCC90A61FD5BD /* Pods_taipei_tourist_site_swiftUITests.framework */ = {isa = PBXFileReference; explicitFileType = wrapper.framework; includeInIndex = 0; path = Pods_taipei_tourist_site_swiftUITests.framework; sourceTree = BUILT_PRODUCTS_DIR; };
		9D295104998B2B55E3146DA5 /* Pods-Dependency-taipei-tourist-site-swift.release.xcconfig */ = {isa = PBXFileReference; includeInIndex = 1; lastKnownFileType = text.xcconfig; name = "Pods-Dependency-taipei-tourist-site-swift.release.xcconfig"; path = "Pods/Target Support Files/Pods-Dependency-taipei-tourist-site-swift/Pods-Dependency-taipei-tourist-site-swift.release.xcconfig"; sourceTree = "<group>"; };
		A93AD8E2E9EACEC236C0EB0C /* Pods-taipei-tourist-site-swiftTests.release.xcconfig */ = {isa = PBXFileReference; includeInIndex = 1; lastKnownFileType = text.xcconfig; name = "Pods-taipei-tourist-site-swiftTests.release.xcconfig"; path = "Pods/Target Support Files/Pods-taipei-tourist-site-swiftTests/Pods-taipei-tourist-site-swiftTests.release.xcconfig"; sourceTree = "<group>"; };
		EF7F7C116321A657BCE9E5C8 /* Pods_taipei_tourist_site_swiftTests.framework */ = {isa = PBXFileReference; explicitFileType = wrapper.framework; includeInIndex = 0; path = Pods_taipei_tourist_site_swiftTests.framework; sourceTree = BUILT_PRODUCTS_DIR; };
/* End PBXFileReference section */

/* Begin PBXFrameworksBuildPhase section */
		3CC567B321074C2900596CDF /* Frameworks */ = {
			isa = PBXFrameworksBuildPhase;
			buildActionMask = 2147483647;
			files = (
				91619C0DF0ED14A8171F73C0 /* Pods_Dependency_taipei_tourist_site_swift.framework in Frameworks */,
			);
			runOnlyForDeploymentPostprocessing = 0;
		};
		3CC567C721074C2900596CDF /* Frameworks */ = {
			isa = PBXFrameworksBuildPhase;
			buildActionMask = 2147483647;
			files = (
				8203766C0946CE9BD2B4E1AA /* Pods_taipei_tourist_site_swiftTests.framework in Frameworks */,
			);
			runOnlyForDeploymentPostprocessing = 0;
		};
		3CC567D221074C2900596CDF /* Frameworks */ = {
			isa = PBXFrameworksBuildPhase;
			buildActionMask = 2147483647;
			files = (
				B055537D17BC2F5D30DBF39F /* Pods_taipei_tourist_site_swiftUITests.framework in Frameworks */,
			);
			runOnlyForDeploymentPostprocessing = 0;
		};
/* End PBXFrameworksBuildPhase section */

/* Begin PBXGroup section */
		3C1F1F25210B21AE00175535 /* Home */ = {
			isa = PBXGroup;
			children = (
				3C1F1F33210B26AB00175535 /* HomeInitializer.swift */,
				3C1F1F26210B21C800175535 /* HomeConfigurator.swift */,
				3C1F1F2C210B243300175535 /* HomeViewController.swift */,
				3C3F0A41210F5FD900E2ED60 /* HomeViewModel.swift */,
				3C1F1F2E210B243C00175535 /* HomeViewInput.swift */,
				3C1F1F30210B244F00175535 /* HomeViewOutput.swift */,
				3C1F1F28210B221800175535 /* HomePresenter.swift */,
				3C1F1F35210B276400175535 /* HomeInteractor.swift */,
				3C1F1F37210B279800175535 /* HomeInteractorInput.swift */,
				3C1F1F39210B27AC00175535 /* HomeInteractorOutput.swift */,
				3C1F1F2A210B23E400175535 /* HomeInput.swift */,
				3C852243210B5FE20075A50D /* HomeRouter.swift */,
				3C852245210B5FED0075A50D /* HomeRouterInput.swift */,
			);
			path = Home;
			sourceTree = "<group>";
		};
		3C396625210C0D74009BE405 /* Widgets */ = {
			isa = PBXGroup;
			children = (
				3C396626210C0D8D009BE405 /* TouristSiteTableViewCell.swift */,
				3C396627210C0D8D009BE405 /* TouristSiteTableViewCell.xib */,
			);
			path = Widgets;
			sourceTree = "<group>";
		};
		3C396630210C1484009BE405 /* Enums */ = {
			isa = PBXGroup;
			children = (
				3C396631210C1495009BE405 /* RefreshEnum.swift */,
			);
			path = Enums;
			sourceTree = "<group>";
		};
		3C3F0A39210F5BC500E2ED60 /* Injections */ = {
			isa = PBXGroup;
			children = (
				3C3F0A3A210F5BD400E2ED60 /* LocalTouristSiteInjection.swift */,
				3C3F0A3F210F5CDD00E2ED60 /* InjectionMap.swift */,
			);
			path = Injections;
			sourceTree = "<group>";
		};
		3C3F0A3C210F5C2100E2ED60 /* Persistances */ = {
			isa = PBXGroup;
			children = (
				3C3F0A3D210F5C3F00E2ED60 /* PersistanceError.swift */,
			);
			path = Persistances;
			sourceTree = "<group>";
		};
		3C852247210B64C30075A50D /* Storyboards */ = {
			isa = PBXGroup;
			children = (
				3CC567BD21074C2900596CDF /* Main.storyboard */,
				3CC567C221074C2900596CDF /* LaunchScreen.storyboard */,
			);
			path = Storyboards;
			sourceTree = "<group>";
		};
		3C852248210B64D20075A50D /* Configs */ = {
			isa = PBXGroup;
			children = (
				3CC567B921074C2900596CDF /* AppDelegate.swift */,
				3C39662C210C0E63009BE405 /* AppConfig.swift */,
			);
			path = Configs;
			sourceTree = "<group>";
		};
		3CC567AD21074C2900596CDF = {
			isa = PBXGroup;
			children = (
				3CC567E721074D0D00596CDF /* Podfile */,
				3CC567B821074C2900596CDF /* taipei-tourist-site-swift */,
				3CC567CD21074C2900596CDF /* taipei-tourist-site-swiftTests */,
				3CC567D821074C2900596CDF /* taipei-tourist-site-swiftUITests */,
				3CC567B721074C2900596CDF /* Products */,
				4D468581ACB976961A5C92F6 /* Pods */,
				5A79FB97CE3AA4F34348E346 /* Frameworks */,
			);
			sourceTree = "<group>";
		};
		3CC567B721074C2900596CDF /* Products */ = {
			isa = PBXGroup;
			children = (
				3CC567B621074C2900596CDF /* taipei-tourist-site-swift.app */,
				3CC567CA21074C2900596CDF /* taipei-tourist-site-swiftTests.xctest */,
				3CC567D521074C2900596CDF /* taipei-tourist-site-swiftUITests.xctest */,
			);
			name = Products;
			sourceTree = "<group>";
		};
		3CC567B821074C2900596CDF /* taipei-tourist-site-swift */ = {
			isa = PBXGroup;
			children = (
				3C3F0A3C210F5C2100E2ED60 /* Persistances */,
				3C3F0A39210F5BC500E2ED60 /* Injections */,
				3C396630210C1484009BE405 /* Enums */,
				3C396625210C0D74009BE405 /* Widgets */,
				3C852248210B64D20075A50D /* Configs */,
				3C852247210B64C30075A50D /* Storyboards */,
				3CC5682221078ABA00596CDF /* Helpers */,
				3CC567F621076CBB00596CDF /* Extensions */,
				3CC567F921077E5000596CDF /* Modules */,
				3CC567BB21074C2900596CDF /* ViewController.swift */,
				3CC567C021074C2900596CDF /* Assets.xcassets */,
				3CC567C521074C2900596CDF /* Info.plist */,
			);
			path = "taipei-tourist-site-swift";
			sourceTree = "<group>";
		};
		3CC567CD21074C2900596CDF /* taipei-tourist-site-swiftTests */ = {
			isa = PBXGroup;
			children = (
				3CC567CE21074C2900596CDF /* taipei_tourist_site_swiftTests.swift */,
				3CC567D021074C2900596CDF /* Info.plist */,
			);
			path = "taipei-tourist-site-swiftTests";
			sourceTree = "<group>";
		};
		3CC567D821074C2900596CDF /* taipei-tourist-site-swiftUITests */ = {
			isa = PBXGroup;
			children = (
				3CC567D921074C2900596CDF /* taipei_tourist_site_swiftUITests.swift */,
				3CC567DB21074C2900596CDF /* Info.plist */,
			);
			path = "taipei-tourist-site-swiftUITests";
			sourceTree = "<group>";
		};
		3CC567F621076CBB00596CDF /* Extensions */ = {
			isa = PBXGroup;
			children = (
				3CC567F721076CD200596CDF /* Disctionary+extension.swift */,
				3CC5680221077FF500596CDF /* UIColor+extension.swift */,
				3CC56810210786CA00596CDF /* Number+extension.swift */,
				3CC568122107870F00596CDF /* UIView+extension.swift */,
				3CC56816210787AB00596CDF /* UILabel+extension.swift */,
				3CC5681C210788BE00596CDF /* UITableView+extension.swift */,
				3CC5681E210788EA00596CDF /* NSObject+extension.swift */,
				3CC5682021078A9100596CDF /* UIViewController+extension.swift */,
			);
			path = Extensions;
			sourceTree = "<group>";
		};
		3CC567F921077E5000596CDF /* Modules */ = {
			isa = PBXGroup;
			children = (
				3C1F1F25210B21AE00175535 /* Home */,
			);
			path = Modules;
			sourceTree = "<group>";
		};
		3CC5682221078ABA00596CDF /* Helpers */ = {
			isa = PBXGroup;
			children = (
				3CC5682321078AC900596CDF /* Queue.swift */,
			);
			path = Helpers;
			sourceTree = "<group>";
		};
		4D468581ACB976961A5C92F6 /* Pods */ = {
			isa = PBXGroup;
			children = (
				2AAB38FDD5FE020324915B16 /* Pods-taipei-tourist-site-swiftTests.debug.xcconfig */,
				A93AD8E2E9EACEC236C0EB0C /* Pods-taipei-tourist-site-swiftTests.release.xcconfig */,
				8739FBDC7FC4D8E65B558C8F /* Pods-taipei-tourist-site-swiftUITests.debug.xcconfig */,
				042FFB07D8BB909A4788B9D0 /* Pods-taipei-tourist-site-swiftUITests.release.xcconfig */,
				2F38D759D5EA7C80EF48D133 /* Pods-Dependency-taipei-tourist-site-swift.debug.xcconfig */,
				9D295104998B2B55E3146DA5 /* Pods-Dependency-taipei-tourist-site-swift.release.xcconfig */,
			);
			name = Pods;
			sourceTree = "<group>";
		};
		5A79FB97CE3AA4F34348E346 /* Frameworks */ = {
			isa = PBXGroup;
			children = (
				2EE63EA1E02B3CB0C66F2169 /* Pods_Dependency_taipei_tourist_site_swift.framework */,
				EF7F7C116321A657BCE9E5C8 /* Pods_taipei_tourist_site_swiftTests.framework */,
				9B704B90DC8BCC90A61FD5BD /* Pods_taipei_tourist_site_swiftUITests.framework */,
			);
			name = Frameworks;
			sourceTree = "<group>";
		};
/* End PBXGroup section */

/* Begin PBXNativeTarget section */
		3CC567B521074C2900596CDF /* taipei-tourist-site-swift */ = {
			isa = PBXNativeTarget;
			buildConfigurationList = 3CC567DE21074C2900596CDF /* Build configuration list for PBXNativeTarget "taipei-tourist-site-swift" */;
			buildPhases = (
				20F0C3FFE80B66DA4BCA1A92 /* [CP] Check Pods Manifest.lock */,
				3CC567B221074C2900596CDF /* Sources */,
				3CC567B321074C2900596CDF /* Frameworks */,
				3CC567B421074C2900596CDF /* Resources */,
				EB73EEC30A9B9D91EAD32A9F /* [CP] Embed Pods Frameworks */,
				00FE05C2E4605B7C3C082571 /* [CP] Copy Pods Resources */,
			);
			buildRules = (
			);
			dependencies = (
			);
			name = "taipei-tourist-site-swift";
			productName = "taipei-tourist-site-swift";
			productReference = 3CC567B621074C2900596CDF /* taipei-tourist-site-swift.app */;
			productType = "com.apple.product-type.application";
		};
		3CC567C921074C2900596CDF /* taipei-tourist-site-swiftTests */ = {
			isa = PBXNativeTarget;
			buildConfigurationList = 3CC567E121074C2900596CDF /* Build configuration list for PBXNativeTarget "taipei-tourist-site-swiftTests" */;
			buildPhases = (
				F9335A5088CDC7AA926EB292 /* [CP] Check Pods Manifest.lock */,
				3CC567C621074C2900596CDF /* Sources */,
				3CC567C721074C2900596CDF /* Frameworks */,
				3CC567C821074C2900596CDF /* Resources */,
				BE11E85EFF7ADC9C9485F223 /* [CP] Embed Pods Frameworks */,
				5D7436C69C17477B992B0EA8 /* [CP] Copy Pods Resources */,
			);
			buildRules = (
			);
			dependencies = (
				3CC567CC21074C2900596CDF /* PBXTargetDependency */,
			);
			name = "taipei-tourist-site-swiftTests";
			productName = "taipei-tourist-site-swiftTests";
			productReference = 3CC567CA21074C2900596CDF /* taipei-tourist-site-swiftTests.xctest */;
			productType = "com.apple.product-type.bundle.unit-test";
		};
		3CC567D421074C2900596CDF /* taipei-tourist-site-swiftUITests */ = {
			isa = PBXNativeTarget;
			buildConfigurationList = 3CC567E421074C2900596CDF /* Build configuration list for PBXNativeTarget "taipei-tourist-site-swiftUITests" */;
			buildPhases = (
				F32CB50BE5D16EC9DEA0A086 /* [CP] Check Pods Manifest.lock */,
				3CC567D121074C2900596CDF /* Sources */,
				3CC567D221074C2900596CDF /* Frameworks */,
				3CC567D321074C2900596CDF /* Resources */,
				E17147CD3A96B9B10F09DCB6 /* [CP] Embed Pods Frameworks */,
				41502C6DDD10C8F228EC63C4 /* [CP] Copy Pods Resources */,
			);
			buildRules = (
			);
			dependencies = (
				3CC567D721074C2900596CDF /* PBXTargetDependency */,
			);
			name = "taipei-tourist-site-swiftUITests";
			productName = "taipei-tourist-site-swiftUITests";
			productReference = 3CC567D521074C2900596CDF /* taipei-tourist-site-swiftUITests.xctest */;
			productType = "com.apple.product-type.bundle.ui-testing";
		};
/* End PBXNativeTarget section */

/* Begin PBXProject section */
		3CC567AE21074C2900596CDF /* Project object */ = {
			isa = PBXProject;
			attributes = {
				LastSwiftUpdateCheck = 0920;
				LastUpgradeCheck = 0920;
				ORGANIZATIONNAME = TMAker;
				TargetAttributes = {
					3CC567B521074C2900596CDF = {
						CreatedOnToolsVersion = 9.2;
						ProvisioningStyle = Automatic;
					};
					3CC567C921074C2900596CDF = {
						CreatedOnToolsVersion = 9.2;
						ProvisioningStyle = Automatic;
						TestTargetID = 3CC567B521074C2900596CDF;
					};
					3CC567D421074C2900596CDF = {
						CreatedOnToolsVersion = 9.2;
						ProvisioningStyle = Automatic;
						TestTargetID = 3CC567B521074C2900596CDF;
					};
				};
			};
			buildConfigurationList = 3CC567B121074C2900596CDF /* Build configuration list for PBXProject "taipei-tourist-site-swift" */;
			compatibilityVersion = "Xcode 8.0";
			developmentRegion = en;
			hasScannedForEncodings = 0;
			knownRegions = (
				en,
				Base,
			);
			mainGroup = 3CC567AD21074C2900596CDF;
			productRefGroup = 3CC567B721074C2900596CDF /* Products */;
			projectDirPath = "";
			projectRoot = "";
			targets = (
				3CC567B521074C2900596CDF /* taipei-tourist-site-swift */,
				3CC567C921074C2900596CDF /* taipei-tourist-site-swiftTests */,
				3CC567D421074C2900596CDF /* taipei-tourist-site-swiftUITests */,
			);
		};
/* End PBXProject section */

/* Begin PBXResourcesBuildPhase section */
		3CC567B421074C2900596CDF /* Resources */ = {
			isa = PBXResourcesBuildPhase;
			buildActionMask = 2147483647;
			files = (
				3CC567C421074C2900596CDF /* LaunchScreen.storyboard in Resources */,
				3CC567C121074C2900596CDF /* Assets.xcassets in Resources */,
				3CC567E821074D0D00596CDF /* Podfile in Resources */,
				3C396629210C0D8D009BE405 /* TouristSiteTableViewCell.xib in Resources */,
				3CC567BF21074C2900596CDF /* Main.storyboard in Resources */,
			);
			runOnlyForDeploymentPostprocessing = 0;
		};
		3CC567C821074C2900596CDF /* Resources */ = {
			isa = PBXResourcesBuildPhase;
			buildActionMask = 2147483647;
			files = (
			);
			runOnlyForDeploymentPostprocessing = 0;
		};
		3CC567D321074C2900596CDF /* Resources */ = {
			isa = PBXResourcesBuildPhase;
			buildActionMask = 2147483647;
			files = (
			);
			runOnlyForDeploymentPostprocessing = 0;
		};
/* End PBXResourcesBuildPhase section */

/* Begin PBXShellScriptBuildPhase section */
		00FE05C2E4605B7C3C082571 /* [CP] Copy Pods Resources */ = {
			isa = PBXShellScriptBuildPhase;
			buildActionMask = 2147483647;
			files = (
			);
			inputPaths = (
			);
			name = "[CP] Copy Pods Resources";
			outputPaths = (
			);
			runOnlyForDeploymentPostprocessing = 0;
			shellPath = /bin/sh;
			shellScript = "\"${SRCROOT}/Pods/Target Support Files/Pods-Dependency-taipei-tourist-site-swift/Pods-Dependency-taipei-tourist-site-swift-resources.sh\"\n";
			showEnvVarsInLog = 0;
		};
		20F0C3FFE80B66DA4BCA1A92 /* [CP] Check Pods Manifest.lock */ = {
			isa = PBXShellScriptBuildPhase;
			buildActionMask = 2147483647;
			files = (
			);
			inputPaths = (
				"${PODS_PODFILE_DIR_PATH}/Podfile.lock",
				"${PODS_ROOT}/Manifest.lock",
			);
			name = "[CP] Check Pods Manifest.lock";
			outputPaths = (
				"$(DERIVED_FILE_DIR)/Pods-Dependency-taipei-tourist-site-swift-checkManifestLockResult.txt",
			);
			runOnlyForDeploymentPostprocessing = 0;
			shellPath = /bin/sh;
			shellScript = "diff \"${PODS_PODFILE_DIR_PATH}/Podfile.lock\" \"${PODS_ROOT}/Manifest.lock\" > /dev/null\nif [ $? != 0 ] ; then\n    # print error to STDERR\n    echo \"error: The sandbox is not in sync with the Podfile.lock. Run 'pod install' or update your CocoaPods installation.\" >&2\n    exit 1\nfi\n# This output is used by Xcode 'outputs' to avoid re-running this script phase.\necho \"SUCCESS\" > \"${SCRIPT_OUTPUT_FILE_0}\"\n";
			showEnvVarsInLog = 0;
		};
		41502C6DDD10C8F228EC63C4 /* [CP] Copy Pods Resources */ = {
			isa = PBXShellScriptBuildPhase;
			buildActionMask = 2147483647;
			files = (
			);
			inputPaths = (
			);
			name = "[CP] Copy Pods Resources";
			outputPaths = (
			);
			runOnlyForDeploymentPostprocessing = 0;
			shellPath = /bin/sh;
			shellScript = "\"${SRCROOT}/Pods/Target Support Files/Pods-taipei-tourist-site-swiftUITests/Pods-taipei-tourist-site-swiftUITests-resources.sh\"\n";
			showEnvVarsInLog = 0;
		};
		5D7436C69C17477B992B0EA8 /* [CP] Copy Pods Resources */ = {
			isa = PBXShellScriptBuildPhase;
			buildActionMask = 2147483647;
			files = (
			);
			inputPaths = (
			);
			name = "[CP] Copy Pods Resources";
			outputPaths = (
			);
			runOnlyForDeploymentPostprocessing = 0;
			shellPath = /bin/sh;
			shellScript = "\"${SRCROOT}/Pods/Target Support Files/Pods-taipei-tourist-site-swiftTests/Pods-taipei-tourist-site-swiftTests-resources.sh\"\n";
			showEnvVarsInLog = 0;
		};
		BE11E85EFF7ADC9C9485F223 /* [CP] Embed Pods Frameworks */ = {
			isa = PBXShellScriptBuildPhase;
			buildActionMask = 2147483647;
			files = (
			);
			inputPaths = (
				"${SRCROOT}/Pods/Target Support Files/Pods-taipei-tourist-site-swiftTests/Pods-taipei-tourist-site-swiftTests-frameworks.sh",
				"${BUILT_PRODUCTS_DIR}/Nimble/Nimble.framework",
				"${BUILT_PRODUCTS_DIR}/Quick/Quick.framework",
			);
			name = "[CP] Embed Pods Frameworks";
			outputPaths = (
				"${TARGET_BUILD_DIR}/${FRAMEWORKS_FOLDER_PATH}/Nimble.framework",
				"${TARGET_BUILD_DIR}/${FRAMEWORKS_FOLDER_PATH}/Quick.framework",
			);
			runOnlyForDeploymentPostprocessing = 0;
			shellPath = /bin/sh;
			shellScript = "\"${SRCROOT}/Pods/Target Support Files/Pods-taipei-tourist-site-swiftTests/Pods-taipei-tourist-site-swiftTests-frameworks.sh\"\n";
			showEnvVarsInLog = 0;
		};
		E17147CD3A96B9B10F09DCB6 /* [CP] Embed Pods Frameworks */ = {
			isa = PBXShellScriptBuildPhase;
			buildActionMask = 2147483647;
			files = (
			);
			inputPaths = (
			);
			name = "[CP] Embed Pods Frameworks";
			outputPaths = (
			);
			runOnlyForDeploymentPostprocessing = 0;
			shellPath = /bin/sh;
			shellScript = "\"${SRCROOT}/Pods/Target Support Files/Pods-taipei-tourist-site-swiftUITests/Pods-taipei-tourist-site-swiftUITests-frameworks.sh\"\n";
			showEnvVarsInLog = 0;
		};
		EB73EEC30A9B9D91EAD32A9F /* [CP] Embed Pods Frameworks */ = {
			isa = PBXShellScriptBuildPhase;
			buildActionMask = 2147483647;
			files = (
			);
			inputPaths = (
				"${SRCROOT}/Pods/Target Support Files/Pods-Dependency-taipei-tourist-site-swift/Pods-Dependency-taipei-tourist-site-swift-frameworks.sh",
				"${BUILT_PRODUCTS_DIR}/Alamofire/Alamofire.framework",
				"${BUILT_PRODUCTS_DIR}/AwesomeCache/AwesomeCache.framework",
				"${BUILT_PRODUCTS_DIR}/Cell+Rx/Cell_Rx.framework",
				"${BUILT_PRODUCTS_DIR}/Differentiator/Differentiator.framework",
				"${BUILT_PRODUCTS_DIR}/Kingfisher/Kingfisher.framework",
				"${BUILT_PRODUCTS_DIR}/Moya/Moya.framework",
				"${BUILT_PRODUCTS_DIR}/Moya-ObjectMapper/Moya_ObjectMapper.framework",
				"${BUILT_PRODUCTS_DIR}/ObjectMapper/ObjectMapper.framework",
				"${BUILT_PRODUCTS_DIR}/PullToRefresher/PullToRefresh.framework",
				"${BUILT_PRODUCTS_DIR}/Realm/Realm.framework",
				"${BUILT_PRODUCTS_DIR}/RealmSwift/RealmSwift.framework",
				"${BUILT_PRODUCTS_DIR}/Result/Result.framework",
				"${BUILT_PRODUCTS_DIR}/RxAlamofire/RxAlamofire.framework",
				"${BUILT_PRODUCTS_DIR}/RxCocoa/RxCocoa.framework",
				"${BUILT_PRODUCTS_DIR}/RxDataSources/RxDataSources.framework",
				"${BUILT_PRODUCTS_DIR}/RxOptional/RxOptional.framework",
				"${BUILT_PRODUCTS_DIR}/RxResult/RxResult.framework",
				"${BUILT_PRODUCTS_DIR}/RxSwift/RxSwift.framework",
				"${BUILT_PRODUCTS_DIR}/SnapKit/SnapKit.framework",
			);
			name = "[CP] Embed Pods Frameworks";
			outputPaths = (
				"${TARGET_BUILD_DIR}/${FRAMEWORKS_FOLDER_PATH}/Alamofire.framework",
				"${TARGET_BUILD_DIR}/${FRAMEWORKS_FOLDER_PATH}/AwesomeCache.framework",
				"${TARGET_BUILD_DIR}/${FRAMEWORKS_FOLDER_PATH}/Cell_Rx.framework",
				"${TARGET_BUILD_DIR}/${FRAMEWORKS_FOLDER_PATH}/Differentiator.framework",
				"${TARGET_BUILD_DIR}/${FRAMEWORKS_FOLDER_PATH}/Kingfisher.framework",
				"${TARGET_BUILD_DIR}/${FRAMEWORKS_FOLDER_PATH}/Moya.framework",
				"${TARGET_BUILD_DIR}/${FRAMEWORKS_FOLDER_PATH}/Moya_ObjectMapper.framework",
				"${TARGET_BUILD_DIR}/${FRAMEWORKS_FOLDER_PATH}/ObjectMapper.framework",
				"${TARGET_BUILD_DIR}/${FRAMEWORKS_FOLDER_PATH}/PullToRefresh.framework",
				"${TARGET_BUILD_DIR}/${FRAMEWORKS_FOLDER_PATH}/Realm.framework",
				"${TARGET_BUILD_DIR}/${FRAMEWORKS_FOLDER_PATH}/RealmSwift.framework",
				"${TARGET_BUILD_DIR}/${FRAMEWORKS_FOLDER_PATH}/Result.framework",
				"${TARGET_BUILD_DIR}/${FRAMEWORKS_FOLDER_PATH}/RxAlamofire.framework",
				"${TARGET_BUILD_DIR}/${FRAMEWORKS_FOLDER_PATH}/RxCocoa.framework",
				"${TARGET_BUILD_DIR}/${FRAMEWORKS_FOLDER_PATH}/RxDataSources.framework",
				"${TARGET_BUILD_DIR}/${FRAMEWORKS_FOLDER_PATH}/RxOptional.framework",
				"${TARGET_BUILD_DIR}/${FRAMEWORKS_FOLDER_PATH}/RxResult.framework",
				"${TARGET_BUILD_DIR}/${FRAMEWORKS_FOLDER_PATH}/RxSwift.framework",
				"${TARGET_BUILD_DIR}/${FRAMEWORKS_FOLDER_PATH}/SnapKit.framework",
			);
			runOnlyForDeploymentPostprocessing = 0;
			shellPath = /bin/sh;
			shellScript = "\"${SRCROOT}/Pods/Target Support Files/Pods-Dependency-taipei-tourist-site-swift/Pods-Dependency-taipei-tourist-site-swift-frameworks.sh\"\n";
			showEnvVarsInLog = 0;
		};
		F32CB50BE5D16EC9DEA0A086 /* [CP] Check Pods Manifest.lock */ = {
			isa = PBXShellScriptBuildPhase;
			buildActionMask = 2147483647;
			files = (
			);
			inputPaths = (
				"${PODS_PODFILE_DIR_PATH}/Podfile.lock",
				"${PODS_ROOT}/Manifest.lock",
			);
			name = "[CP] Check Pods Manifest.lock";
			outputPaths = (
				"$(DERIVED_FILE_DIR)/Pods-taipei-tourist-site-swiftUITests-checkManifestLockResult.txt",
			);
			runOnlyForDeploymentPostprocessing = 0;
			shellPath = /bin/sh;
			shellScript = "diff \"${PODS_PODFILE_DIR_PATH}/Podfile.lock\" \"${PODS_ROOT}/Manifest.lock\" > /dev/null\nif [ $? != 0 ] ; then\n    # print error to STDERR\n    echo \"error: The sandbox is not in sync with the Podfile.lock. Run 'pod install' or update your CocoaPods installation.\" >&2\n    exit 1\nfi\n# This output is used by Xcode 'outputs' to avoid re-running this script phase.\necho \"SUCCESS\" > \"${SCRIPT_OUTPUT_FILE_0}\"\n";
			showEnvVarsInLog = 0;
		};
		F9335A5088CDC7AA926EB292 /* [CP] Check Pods Manifest.lock */ = {
			isa = PBXShellScriptBuildPhase;
			buildActionMask = 2147483647;
			files = (
			);
			inputPaths = (
				"${PODS_PODFILE_DIR_PATH}/Podfile.lock",
				"${PODS_ROOT}/Manifest.lock",
			);
			name = "[CP] Check Pods Manifest.lock";
			outputPaths = (
				"$(DERIVED_FILE_DIR)/Pods-taipei-tourist-site-swiftTests-checkManifestLockResult.txt",
			);
			runOnlyForDeploymentPostprocessing = 0;
			shellPath = /bin/sh;
			shellScript = "diff \"${PODS_PODFILE_DIR_PATH}/Podfile.lock\" \"${PODS_ROOT}/Manifest.lock\" > /dev/null\nif [ $? != 0 ] ; then\n    # print error to STDERR\n    echo \"error: The sandbox is not in sync with the Podfile.lock. Run 'pod install' or update your CocoaPods installation.\" >&2\n    exit 1\nfi\n# This output is used by Xcode 'outputs' to avoid re-running this script phase.\necho \"SUCCESS\" > \"${SCRIPT_OUTPUT_FILE_0}\"\n";
			showEnvVarsInLog = 0;
		};
/* End PBXShellScriptBuildPhase section */

/* Begin PBXSourcesBuildPhase section */
		3CC567B221074C2900596CDF /* Sources */ = {
			isa = PBXSourcesBuildPhase;
			buildActionMask = 2147483647;
			files = (
				3C1F1F36210B276400175535 /* HomeInteractor.swift in Sources */,
				3C1F1F31210B244F00175535 /* HomeViewOutput.swift in Sources */,
				3CC5680321077FF500596CDF /* UIColor+extension.swift in Sources */,
				3C1F1F2D210B243300175535 /* HomeViewController.swift in Sources */,
				3CC56811210786CA00596CDF /* Number+extension.swift in Sources */,
				3C1F1F2B210B23E400175535 /* HomeInput.swift in Sources */,
				3C3F0A40210F5CDD00E2ED60 /* InjectionMap.swift in Sources */,
				3C1F1F27210B21C800175535 /* HomeConfigurator.swift in Sources */,
				3C396632210C1495009BE405 /* RefreshEnum.swift in Sources */,
				3CC567BC21074C2900596CDF /* ViewController.swift in Sources */,
				3C1F1F2F210B243C00175535 /* HomeViewInput.swift in Sources */,
				3CC567BA21074C2900596CDF /* AppDelegate.swift in Sources */,
				3CC568132107870F00596CDF /* UIView+extension.swift in Sources */,
				3C3F0A42210F5FD900E2ED60 /* HomeViewModel.swift in Sources */,
				3C396628210C0D8D009BE405 /* TouristSiteTableViewCell.swift in Sources */,
				3CC5682421078AC900596CDF /* Queue.swift in Sources */,
				3CC5682121078A9100596CDF /* UIViewController+extension.swift in Sources */,
				3C1F1F29210B221800175535 /* HomePresenter.swift in Sources */,
				3CC5681D210788BE00596CDF /* UITableView+extension.swift in Sources */,
				3CC5681F210788EA00596CDF /* NSObject+extension.swift in Sources */,
				3C1F1F3A210B27AC00175535 /* HomeInteractorOutput.swift in Sources */,
				3CC567F821076CD200596CDF /* Disctionary+extension.swift in Sources */,
				3C1F1F34210B26AB00175535 /* HomeInitializer.swift in Sources */,
				3CC56817210787AB00596CDF /* UILabel+extension.swift in Sources */,
				3C1F1F38210B279800175535 /* HomeInteractorInput.swift in Sources */,
				3C39662D210C0E63009BE405 /* AppConfig.swift in Sources */,
				3C852244210B5FE20075A50D /* HomeRouter.swift in Sources */,
				3C3F0A3B210F5BD400E2ED60 /* LocalTouristSiteInjection.swift in Sources */,
				3C3F0A3E210F5C3F00E2ED60 /* PersistanceError.swift in Sources */,
				3C852246210B5FED0075A50D /* HomeRouterInput.swift in Sources */,
			);
			runOnlyForDeploymentPostprocessing = 0;
		};
		3CC567C621074C2900596CDF /* Sources */ = {
			isa = PBXSourcesBuildPhase;
			buildActionMask = 2147483647;
			files = (
				3CC567CF21074C2900596CDF /* taipei_tourist_site_swiftTests.swift in Sources */,
			);
			runOnlyForDeploymentPostprocessing = 0;
		};
		3CC567D121074C2900596CDF /* Sources */ = {
			isa = PBXSourcesBuildPhase;
			buildActionMask = 2147483647;
			files = (
				3CC567DA21074C2900596CDF /* taipei_tourist_site_swiftUITests.swift in Sources */,
			);
			runOnlyForDeploymentPostprocessing = 0;
		};
/* End PBXSourcesBuildPhase section */

/* Begin PBXTargetDependency section */
		3CC567CC21074C2900596CDF /* PBXTargetDependency */ = {
			isa = PBXTargetDependency;
			target = 3CC567B521074C2900596CDF /* taipei-tourist-site-swift */;
			targetProxy = 3CC567CB21074C2900596CDF /* PBXContainerItemProxy */;
		};
		3CC567D721074C2900596CDF /* PBXTargetDependency */ = {
			isa = PBXTargetDependency;
			target = 3CC567B521074C2900596CDF /* taipei-tourist-site-swift */;
			targetProxy = 3CC567D621074C2900596CDF /* PBXContainerItemProxy */;
		};
/* End PBXTargetDependency section */

/* Begin PBXVariantGroup section */
		3CC567BD21074C2900596CDF /* Main.storyboard */ = {
			isa = PBXVariantGroup;
			children = (
				3CC567BE21074C2900596CDF /* Base */,
			);
			name = Main.storyboard;
			sourceTree = "<group>";
		};
		3CC567C221074C2900596CDF /* LaunchScreen.storyboard */ = {
			isa = PBXVariantGroup;
			children = (
				3CC567C321074C2900596CDF /* Base */,
			);
			name = LaunchScreen.storyboard;
			sourceTree = "<group>";
		};
/* End PBXVariantGroup section */

/* Begin XCBuildConfiguration section */
		3CC567DC21074C2900596CDF /* Debug */ = {
			isa = XCBuildConfiguration;
			buildSettings = {
				ALWAYS_SEARCH_USER_PATHS = NO;
				CLANG_ANALYZER_NONNULL = YES;
				CLANG_ANALYZER_NUMBER_OBJECT_CONVERSION = YES_AGGRESSIVE;
				CLANG_CXX_LANGUAGE_STANDARD = "gnu++14";
				CLANG_CXX_LIBRARY = "libc++";
				CLANG_ENABLE_MODULES = YES;
				CLANG_ENABLE_OBJC_ARC = YES;
				CLANG_WARN_BLOCK_CAPTURE_AUTORELEASING = YES;
				CLANG_WARN_BOOL_CONVERSION = YES;
				CLANG_WARN_COMMA = YES;
				CLANG_WARN_CONSTANT_CONVERSION = YES;
				CLANG_WARN_DIRECT_OBJC_ISA_USAGE = YES_ERROR;
				CLANG_WARN_DOCUMENTATION_COMMENTS = YES;
				CLANG_WARN_EMPTY_BODY = YES;
				CLANG_WARN_ENUM_CONVERSION = YES;
				CLANG_WARN_INFINITE_RECURSION = YES;
				CLANG_WARN_INT_CONVERSION = YES;
				CLANG_WARN_NON_LITERAL_NULL_CONVERSION = YES;
				CLANG_WARN_OBJC_LITERAL_CONVERSION = YES;
				CLANG_WARN_OBJC_ROOT_CLASS = YES_ERROR;
				CLANG_WARN_RANGE_LOOP_ANALYSIS = YES;
				CLANG_WARN_STRICT_PROTOTYPES = YES;
				CLANG_WARN_SUSPICIOUS_MOVE = YES;
				CLANG_WARN_UNGUARDED_AVAILABILITY = YES_AGGRESSIVE;
				CLANG_WARN_UNREACHABLE_CODE = YES;
				CLANG_WARN__DUPLICATE_METHOD_MATCH = YES;
				CODE_SIGN_IDENTITY = "iPhone Developer";
				COPY_PHASE_STRIP = NO;
				DEBUG_INFORMATION_FORMAT = dwarf;
				ENABLE_STRICT_OBJC_MSGSEND = YES;
				ENABLE_TESTABILITY = YES;
				GCC_C_LANGUAGE_STANDARD = gnu11;
				GCC_DYNAMIC_NO_PIC = NO;
				GCC_NO_COMMON_BLOCKS = YES;
				GCC_OPTIMIZATION_LEVEL = 0;
				GCC_PREPROCESSOR_DEFINITIONS = (
					"DEBUG=1",
					"$(inherited)",
				);
				GCC_WARN_64_TO_32_BIT_CONVERSION = YES;
				GCC_WARN_ABOUT_RETURN_TYPE = YES_ERROR;
				GCC_WARN_UNDECLARED_SELECTOR = YES;
				GCC_WARN_UNINITIALIZED_AUTOS = YES_AGGRESSIVE;
				GCC_WARN_UNUSED_FUNCTION = YES;
				GCC_WARN_UNUSED_VARIABLE = YES;
				IPHONEOS_DEPLOYMENT_TARGET = 8.0;
				MTL_ENABLE_DEBUG_INFO = YES;
				ONLY_ACTIVE_ARCH = YES;
				SDKROOT = iphoneos;
				SWIFT_ACTIVE_COMPILATION_CONDITIONS = DEBUG;
				SWIFT_OPTIMIZATION_LEVEL = "-Onone";
				SWIFT_VERSION = "";
			};
			name = Debug;
		};
		3CC567DD21074C2900596CDF /* Release */ = {
			isa = XCBuildConfiguration;
			buildSettings = {
				ALWAYS_SEARCH_USER_PATHS = NO;
				CLANG_ANALYZER_NONNULL = YES;
				CLANG_ANALYZER_NUMBER_OBJECT_CONVERSION = YES_AGGRESSIVE;
				CLANG_CXX_LANGUAGE_STANDARD = "gnu++14";
				CLANG_CXX_LIBRARY = "libc++";
				CLANG_ENABLE_MODULES = YES;
				CLANG_ENABLE_OBJC_ARC = YES;
				CLANG_WARN_BLOCK_CAPTURE_AUTORELEASING = YES;
				CLANG_WARN_BOOL_CONVERSION = YES;
				CLANG_WARN_COMMA = YES;
				CLANG_WARN_CONSTANT_CONVERSION = YES;
				CLANG_WARN_DIRECT_OBJC_ISA_USAGE = YES_ERROR;
				CLANG_WARN_DOCUMENTATION_COMMENTS = YES;
				CLANG_WARN_EMPTY_BODY = YES;
				CLANG_WARN_ENUM_CONVERSION = YES;
				CLANG_WARN_INFINITE_RECURSION = YES;
				CLANG_WARN_INT_CONVERSION = YES;
				CLANG_WARN_NON_LITERAL_NULL_CONVERSION = YES;
				CLANG_WARN_OBJC_LITERAL_CONVERSION = YES;
				CLANG_WARN_OBJC_ROOT_CLASS = YES_ERROR;
				CLANG_WARN_RANGE_LOOP_ANALYSIS = YES;
				CLANG_WARN_STRICT_PROTOTYPES = YES;
				CLANG_WARN_SUSPICIOUS_MOVE = YES;
				CLANG_WARN_UNGUARDED_AVAILABILITY = YES_AGGRESSIVE;
				CLANG_WARN_UNREACHABLE_CODE = YES;
				CLANG_WARN__DUPLICATE_METHOD_MATCH = YES;
				CODE_SIGN_IDENTITY = "iPhone Developer";
				COPY_PHASE_STRIP = NO;
				DEBUG_INFORMATION_FORMAT = "dwarf-with-dsym";
				ENABLE_NS_ASSERTIONS = NO;
				ENABLE_STRICT_OBJC_MSGSEND = YES;
				GCC_C_LANGUAGE_STANDARD = gnu11;
				GCC_NO_COMMON_BLOCKS = YES;
				GCC_WARN_64_TO_32_BIT_CONVERSION = YES;
				GCC_WARN_ABOUT_RETURN_TYPE = YES_ERROR;
				GCC_WARN_UNDECLARED_SELECTOR = YES;
				GCC_WARN_UNINITIALIZED_AUTOS = YES_AGGRESSIVE;
				GCC_WARN_UNUSED_FUNCTION = YES;
				GCC_WARN_UNUSED_VARIABLE = YES;
				IPHONEOS_DEPLOYMENT_TARGET = 8.0;
				MTL_ENABLE_DEBUG_INFO = NO;
				SDKROOT = iphoneos;
				SWIFT_OPTIMIZATION_LEVEL = "-Owholemodule";
				SWIFT_VERSION = "";
				VALIDATE_PRODUCT = YES;
			};
			name = Release;
		};
		3CC567DF21074C2900596CDF /* Debug */ = {
			isa = XCBuildConfiguration;
			baseConfigurationReference = 2F38D759D5EA7C80EF48D133 /* Pods-Dependency-taipei-tourist-site-swift.debug.xcconfig */;
			buildSettings = {
				ASSETCATALOG_COMPILER_APPICON_NAME = AppIcon;
				CODE_SIGN_STYLE = Automatic;
				DEVELOPMENT_TEAM = L9NJSH4CZ8;
				INFOPLIST_FILE = "taipei-tourist-site-swift/Info.plist";
				LD_RUNPATH_SEARCH_PATHS = "$(inherited) @executable_path/Frameworks";
				PRODUCT_BUNDLE_IDENTIFIER = "studio.tmaker.taipei-tourist-site-swift";
				PRODUCT_NAME = "$(TARGET_NAME)";
				SWIFT_VERSION = 4.0;
				TARGETED_DEVICE_FAMILY = "1,2";
			};
			name = Debug;
		};
		3CC567E021074C2900596CDF /* Release */ = {
			isa = XCBuildConfiguration;
			baseConfigurationReference = 9D295104998B2B55E3146DA5 /* Pods-Dependency-taipei-tourist-site-swift.release.xcconfig */;
			buildSettings = {
				ASSETCATALOG_COMPILER_APPICON_NAME = AppIcon;
				CODE_SIGN_STYLE = Automatic;
				DEVELOPMENT_TEAM = L9NJSH4CZ8;
				INFOPLIST_FILE = "taipei-tourist-site-swift/Info.plist";
				LD_RUNPATH_SEARCH_PATHS = "$(inherited) @executable_path/Frameworks";
				PRODUCT_BUNDLE_IDENTIFIER = "studio.tmaker.taipei-tourist-site-swift";
				PRODUCT_NAME = "$(TARGET_NAME)";
				SWIFT_VERSION = 4.0;
				TARGETED_DEVICE_FAMILY = "1,2";
			};
			name = Release;
		};
		3CC567E221074C2900596CDF /* Debug */ = {
			isa = XCBuildConfiguration;
			baseConfigurationReference = 2AAB38FDD5FE020324915B16 /* Pods-taipei-tourist-site-swiftTests.debug.xcconfig */;
			buildSettings = {
				ALWAYS_EMBED_SWIFT_STANDARD_LIBRARIES = YES;
				BUNDLE_LOADER = "$(TEST_HOST)";
				CODE_SIGN_STYLE = Automatic;
				DEVELOPMENT_TEAM = L9NJSH4CZ8;
				INFOPLIST_FILE = "taipei-tourist-site-swiftTests/Info.plist";
				LD_RUNPATH_SEARCH_PATHS = "$(inherited) @executable_path/Frameworks @loader_path/Frameworks";
				PRODUCT_BUNDLE_IDENTIFIER = "studio.tmaker.taipei-tourist-site-swiftTests";
				PRODUCT_NAME = "$(TARGET_NAME)";
				SWIFT_VERSION = 4.0;
				TARGETED_DEVICE_FAMILY = "1,2";
				TEST_HOST = "$(BUILT_PRODUCTS_DIR)/taipei-tourist-site-swift.app/taipei-tourist-site-swift";
			};
			name = Debug;
		};
		3CC567E321074C2900596CDF /* Release */ = {
			isa = XCBuildConfiguration;
			baseConfigurationReference = A93AD8E2E9EACEC236C0EB0C /* Pods-taipei-tourist-site-swiftTests.release.xcconfig */;
			buildSettings = {
				ALWAYS_EMBED_SWIFT_STANDARD_LIBRARIES = YES;
				BUNDLE_LOADER = "$(TEST_HOST)";
				CODE_SIGN_STYLE = Automatic;
				DEVELOPMENT_TEAM = L9NJSH4CZ8;
				INFOPLIST_FILE = "taipei-tourist-site-swiftTests/Info.plist";
				LD_RUNPATH_SEARCH_PATHS = "$(inherited) @executable_path/Frameworks @loader_path/Frameworks";
				PRODUCT_BUNDLE_IDENTIFIER = "studio.tmaker.taipei-tourist-site-swiftTests";
				PRODUCT_NAME = "$(TARGET_NAME)";
				SWIFT_VERSION = 4.0;
				TARGETED_DEVICE_FAMILY = "1,2";
				TEST_HOST = "$(BUILT_PRODUCTS_DIR)/taipei-tourist-site-swift.app/taipei-tourist-site-swift";
			};
			name = Release;
		};
		3CC567E521074C2900596CDF /* Debug */ = {
			isa = XCBuildConfiguration;
			baseConfigurationReference = 8739FBDC7FC4D8E65B558C8F /* Pods-taipei-tourist-site-swiftUITests.debug.xcconfig */;
			buildSettings = {
				ALWAYS_EMBED_SWIFT_STANDARD_LIBRARIES = YES;
				CODE_SIGN_STYLE = Automatic;
				DEVELOPMENT_TEAM = L9NJSH4CZ8;
				INFOPLIST_FILE = "taipei-tourist-site-swiftUITests/Info.plist";
				LD_RUNPATH_SEARCH_PATHS = "$(inherited) @executable_path/Frameworks @loader_path/Frameworks";
				PRODUCT_BUNDLE_IDENTIFIER = "studio.tmaker.taipei-tourist-site-swiftUITests";
				PRODUCT_NAME = "$(TARGET_NAME)";
				SWIFT_VERSION = 4.0;
				TARGETED_DEVICE_FAMILY = "1,2";
				TEST_TARGET_NAME = "taipei-tourist-site-swift";
			};
			name = Debug;
		};
		3CC567E621074C2900596CDF /* Release */ = {
			isa = XCBuildConfiguration;
			baseConfigurationReference = 042FFB07D8BB909A4788B9D0 /* Pods-taipei-tourist-site-swiftUITests.release.xcconfig */;
			buildSettings = {
				ALWAYS_EMBED_SWIFT_STANDARD_LIBRARIES = YES;
				CODE_SIGN_STYLE = Automatic;
				DEVELOPMENT_TEAM = L9NJSH4CZ8;
				INFOPLIST_FILE = "taipei-tourist-site-swiftUITests/Info.plist";
				LD_RUNPATH_SEARCH_PATHS = "$(inherited) @executable_path/Frameworks @loader_path/Frameworks";
				PRODUCT_BUNDLE_IDENTIFIER = "studio.tmaker.taipei-tourist-site-swiftUITests";
				PRODUCT_NAME = "$(TARGET_NAME)";
				SWIFT_VERSION = 4.0;
				TARGETED_DEVICE_FAMILY = "1,2";
				TEST_TARGET_NAME = "taipei-tourist-site-swift";
			};
			name = Release;
		};
/* End XCBuildConfiguration section */

/* Begin XCConfigurationList section */
		3CC567B121074C2900596CDF /* Build configuration list for PBXProject "taipei-tourist-site-swift" */ = {
			isa = XCConfigurationList;
			buildConfigurations = (
				3CC567DC21074C2900596CDF /* Debug */,
				3CC567DD21074C2900596CDF /* Release */,
			);
			defaultConfigurationIsVisible = 0;
			defaultConfigurationName = Release;
		};
		3CC567DE21074C2900596CDF /* Build configuration list for PBXNativeTarget "taipei-tourist-site-swift" */ = {
			isa = XCConfigurationList;
			buildConfigurations = (
				3CC567DF21074C2900596CDF /* Debug */,
				3CC567E021074C2900596CDF /* Release */,
			);
			defaultConfigurationIsVisible = 0;
			defaultConfigurationName = Release;
		};
		3CC567E121074C2900596CDF /* Build configuration list for PBXNativeTarget "taipei-tourist-site-swiftTests" */ = {
			isa = XCConfigurationList;
			buildConfigurations = (
				3CC567E221074C2900596CDF /* Debug */,
				3CC567E321074C2900596CDF /* Release */,
			);
			defaultConfigurationIsVisible = 0;
			defaultConfigurationName = Release;
		};
		3CC567E421074C2900596CDF /* Build configuration list for PBXNativeTarget "taipei-tourist-site-swiftUITests" */ = {
			isa = XCConfigurationList;
			buildConfigurations = (
				3CC567E521074C2900596CDF /* Debug */,
				3CC567E621074C2900596CDF /* Release */,
			);
			defaultConfigurationIsVisible = 0;
			defaultConfigurationName = Release;
		};
/* End XCConfigurationList section */
	};
	rootObject = 3CC567AE21074C2900596CDF /* Project object */;
}
